{
  "version": 4,
  "terraform_version": "1.14.8",
  "serial": 215,
  "lineage": "e05b919b-edf6-d388-fe7d-2f0d5cdf29f8",
  "outputs": {
    "ai_vm_ip": {
      "value": "192.168.20.30",
      "type": "string"
    },
    "db_vm_ip": {
      "value": "192.168.20.21",
      "type": "string"
    },
    "gh_runners_vm_ip": {
      "value": "192.168.20.50",
      "type": "string"
    },
    "infisical_url": {
      "value": "https://192.168.20.22:8443",
      "type": "string"
    },
    "infisical_vm_ip": {
      "value": "192.168.20.22",
      "type": "string"
    },
    "k3s_vm_ip": {
      "value": "192.168.20.11",
      "type": "string"
    },
    "media_proxy_urls": {
      "value": {
        "bazarr": "http://bazarr.internal.prakash.com.br",
        "jellyfin": "http://jellyfin.internal.prakash.com.br",
        "prowlarr": "http://prowlarr.internal.prakash.com.br",
        "qbittorrent": "http://torrent.internal.prakash.com.br",
        "radarr": "http://radarr.internal.prakash.com.br",
        "sonarr": "http://sonarr.internal.prakash.com.br"
      },
      "type": [
        "object",
        {
          "bazarr": "string",
          "jellyfin": "string",
          "prowlarr": "string",
          "qbittorrent": "string",
          "radarr": "string",
          "sonarr": "string"
        }
      ]
    },
    "media_server_ip": {
      "value": "192.168.20.40",
      "type": "string"
    },
    "media_services": {
      "value": {
        "jellyfin": "http://192.168.20.40:8096",
        "qbittorrent": "http://192.168.20.40:8080",
        "radarr": "http://192.168.20.40:7878",
        "sonarr": "http://192.168.20.40:8989"
      },
      "type": [
        "object",
        {
          "jellyfin": "string",
          "qbittorrent": "string",
          "radarr": "string",
          "sonarr": "string"
        }
      ]
    },
    "whisper_api_url": {
      "value": "http://192.168.20.30:8000",
      "type": "string"
    }
  },
  "resources": [
    {
      "mode": "managed",
      "type": "proxmox_virtual_environment_file",
      "name": "ai_cloud_init",
      "provider": "provider[\"registry.terraform.io/bpg/proxmox\"]",
      "instances": [
        {
          "schema_version": 0,
          "attributes": {
            "content_type": "snippets",
            "datastore_id": "local",
            "file_mode": null,
            "file_modification_date": null,
            "file_name": "ai-cloud-init.yaml",
            "file_size": null,
            "file_tag": null,
            "id": "local:snippets/ai-cloud-init.yaml",
            "node_name": "server",
            "overwrite": true,
            "source_file": [],
            "source_raw": [
              {
                "data": "#cloud-config\n# Minimal OS prep only.\n# Full AI services installation is handled by bootstrap/ai/setup.sh (runs locally).\n# Requires: debian-12-nvidia template (NVIDIA drivers pre-installed in template).\n\nhostname: ai-gpu\nmanage_etc_hosts: true\n\npackage_update: true\npackage_upgrade: false\n\npackages:\n  - curl\n  - ca-certificates\n  - gnupg\n\nusers:\n  - default\n  - name: ai\n    groups: [sudo, video, render]\n    shell: /bin/bash\n    sudo: ALL=(ALL) NOPASSWD:ALL\n",
                "file_name": "ai-cloud-init.yaml",
                "resize": 0
              }
            ],
            "timeout_upload": 1800
          },
          "sensitive_attributes": [],
          "identity_schema_version": 0,
          "private": "bnVsbA=="
        }
      ]
    },
    {
      "mode": "managed",
      "type": "proxmox_virtual_environment_file",
      "name": "gh_runners_cloud_init",
      "provider": "provider[\"registry.terraform.io/bpg/proxmox\"]",
      "instances": [
        {
          "schema_version": 0,
          "attributes": {
            "content_type": "snippets",
            "datastore_id": "local",
            "file_mode": null,
            "file_modification_date": null,
            "file_name": "gh-runners-cloud-init.yaml",
            "file_size": null,
            "file_tag": null,
            "id": "local:snippets/gh-runners-cloud-init.yaml",
            "node_name": "server",
            "overwrite": true,
            "source_file": [],
            "source_raw": [
              {
                "data": "#cloud-config\n# Minimal OS prep only.\n# Full runner installation is handled by bootstrap/gh-runners/setup.sh (runs locally).\n\nhostname: gh-runners\nmanage_etc_hosts: true\n\npackage_update: true\npackage_upgrade: false\n\npackages:\n  - curl\n  - ca-certificates\n  - gnupg\n",
                "file_name": "gh-runners-cloud-init.yaml",
                "resize": 0
              }
            ],
            "timeout_upload": 1800
          },
          "sensitive_attributes": [],
          "identity_schema_version": 0,
          "private": "bnVsbA=="
        }
      ]
    },
    {
      "mode": "managed",
      "type": "proxmox_virtual_environment_file",
      "name": "infisical_cloud_init",
      "provider": "provider[\"registry.terraform.io/bpg/proxmox\"]",
      "instances": [
        {
          "schema_version": 0,
          "attributes": {
            "content_type": "snippets",
            "datastore_id": "local",
            "file_mode": null,
            "file_modification_date": null,
            "file_name": "infisical-cloud-init.yaml",
            "file_size": null,
            "file_tag": null,
            "id": "local:snippets/infisical-cloud-init.yaml",
            "node_name": "server",
            "overwrite": true,
            "source_file": [],
            "source_raw": [
              {
                "data": "#cloud-config\n# Minimal OS prep only.\n# Full Infisical installation is handled by bootstrap/infisical/setup.sh (runs locally).\n\nhostname: infisical\nmanage_etc_hosts: true\n\npackage_update: true\npackage_upgrade: false\n\npackages:\n  - curl\n  - ca-certificates\n  - gnupg\n",
                "file_name": "infisical-cloud-init.yaml",
                "resize": 0
              }
            ],
            "timeout_upload": 1800
          },
          "sensitive_attributes": [],
          "identity_schema_version": 0,
          "private": "bnVsbA=="
        }
      ]
    },
    {
      "mode": "managed",
      "type": "proxmox_virtual_environment_file",
      "name": "media_cloud_init",
      "provider": "provider[\"registry.terraform.io/bpg/proxmox\"]",
      "instances": [
        {
          "schema_version": 0,
          "attributes": {
            "content_type": "snippets",
            "datastore_id": "local",
            "file_mode": null,
            "file_modification_date": null,
            "file_name": "media-cloud-init.yaml",
            "file_size": null,
            "file_tag": null,
            "id": "local:snippets/media-cloud-init.yaml",
            "node_name": "server",
            "overwrite": true,
            "source_file": [],
            "source_raw": [
              {
                "data": "#cloud-config\n# Minimal OS prep only.\n# Full media stack installation is handled by bootstrap/media/setup.sh (runs locally).\n\nhostname: media-server\nmanage_etc_hosts: true\n\npackage_update: true\npackage_upgrade: false\n\npackages:\n  - curl\n  - ca-certificates\n  - gnupg\n",
                "file_name": "media-cloud-init.yaml",
                "resize": 0
              }
            ],
            "timeout_upload": 1800
          },
          "sensitive_attributes": [],
          "identity_schema_version": 0,
          "private": "bnVsbA=="
        }
      ]
    },
    {
      "mode": "managed",
      "type": "proxmox_virtual_environment_file",
      "name": "postgres_cloud_init",
      "provider": "provider[\"registry.terraform.io/bpg/proxmox\"]",
      "instances": [
        {
          "schema_version": 0,
          "attributes": {
            "content_type": "snippets",
            "datastore_id": "local",
            "file_mode": null,
            "file_modification_date": null,
            "file_name": "postgres-cloud-init.yaml",
            "file_size": null,
            "file_tag": null,
            "id": "local:snippets/postgres-cloud-init.yaml",
            "node_name": "server",
            "overwrite": true,
            "source_file": [],
            "source_raw": [
              {
                "data": "#cloud-config\n# Minimal OS prep only.\n# Full PostgreSQL installation is handled by bootstrap/postgres/setup.sh (runs locally).\n\nhostname: pg\nmanage_etc_hosts: true\n\npackage_update: true\npackage_upgrade: false\n\npackages:\n  - curl\n  - ca-certificates\n  - gnupg\n",
                "file_name": "postgres-cloud-init.yaml",
                "resize": 0
              }
            ],
            "timeout_upload": 1800
          },
          "sensitive_attributes": [],
          "identity_schema_version": 0,
          "private": "bnVsbA=="
        }
      ]
    },
    {
      "mode": "managed",
      "type": "proxmox_virtual_environment_vm",
      "name": "ai_gpu",
      "provider": "provider[\"registry.terraform.io/bpg/proxmox\"]",
      "instances": [
        {
          "schema_version": 0,
          "attributes": {
            "acpi": true,
            "agent": [],
            "amd_sev": [],
            "audio_device": [],
            "bios": "ovmf",
            "boot_order": [],
            "cdrom": [],
            "clone": [
              {
                "datastore_id": "",
                "full": true,
                "node_name": "server",
                "retries": 1,
                "vm_id": 9003
              }
            ],
            "cpu": [
              {
                "affinity": "",
                "architecture": "",
                "cores": 4,
                "flags": [],
                "hotplugged": 0,
                "limit": 0,
                "numa": false,
                "sockets": 1,
                "type": "host",
                "units": 0
              }
            ],
            "delete_unreferenced_disks_on_destroy": true,
            "description": "AI inference server (Whisper + Ollama) with GPU passthrough",
            "disk": [
              {
                "aio": "io_uring",
                "backup": true,
                "cache": "none",
                "datastore_id": "local-lvm",
                "discard": "on",
                "file_format": "raw",
                "file_id": "",
                "import_from": "",
                "interface": "scsi0",
                "iothread": true,
                "path_in_datastore": "vm-115-disk-1",
                "replicate": true,
                "serial": "",
                "size": 60,
                "speed": [],
                "ssd": true
              }
            ],
            "efi_disk": [
              {
                "datastore_id": "local-lvm",
                "file_format": "raw",
                "pre_enrolled_keys": false,
                "type": "4m"
              }
            ],
            "hook_script_file_id": null,
            "hostpci": [
              {
                "device": "hostpci0",
                "id": "",
                "mapping": "gpu-quadro-m4000",
                "mdev": "",
                "pcie": true,
                "rom_file": "",
                "rombar": true,
                "xvga": false
              }
            ],
            "id": "115",
            "initialization": [
              {
                "datastore_id": "local-lvm",
                "dns": [
                  {
                    "domain": "",
                    "servers": [
                      "1.1.1.1"
                    ]
                  }
                ],
                "file_format": "",
                "interface": "ide2",
                "ip_config": [
                  {
                    "ipv4": [
                      {
                        "address": "192.168.20.30/24",
                        "gateway": "192.168.20.1"
                      }
                    ],
                    "ipv6": []
                  }
                ],
                "meta_data_file_id": "",
                "network_data_file_id": "",
                "type": "",
                "user_account": [
                  {
                    "keys": [
                      "ssh-ed25519 AAAAC3NzaC1lZDI1NTE5AAAAIAhLzivPgJGOMkfj6Fg8WBbPvJIMLQHjpFTnXZVsncBg prakash2ji@gmail.com"
                    ],
                    "password": "**********",
                    "username": "deployer"
                  }
                ],
                "user_data_file_id": "local:snippets/ai-cloud-init.yaml",
                "vendor_data_file_id": ""
              }
            ],
            "ipv4_addresses": [
              [
                "127.0.0.1"
              ],
              [
                "192.168.20.30"
              ],
              [
                "172.18.0.1"
              ],
              [
                "172.17.0.1"
              ],
              [],
              [],
              []
            ],
            "ipv6_addresses": [
              [
                "::1"
              ],
              [
                "fdd5:945b:3322::43b",
                "fdd5:945b:3322:0:be24:11ff:fe92:db53",
                "fe80::be24:11ff:fe92:db53"
              ],
              [
                "fe80::e4e3:bfff:fe7f:a696"
              ],
              [],
              [
                "fe80::d469:6cff:fea9:eb35"
              ],
              [
                "fe80::4d2:cdff:fe7e:8f44"
              ],
              [
                "fe80::806e:aaff:fe9e:c5d8"
              ]
            ],
            "keyboard_layout": "en-us",
            "kvm_arguments": null,
            "mac_addresses": [
              "00:00:00:00:00:00",
              "BC:24:11:92:DB:53",
              "E6:E3:BF:7F:A6:96",
              "3E:91:10:16:9B:1F",
              "D6:69:6C:A9:EB:35",
              "06:D2:CD:7E:8F:44",
              "82:6E:AA:9E:C5:D8"
            ],
            "machine": "q35",
            "memory": [
              {
                "dedicated": 16384,
                "floating": 0,
                "hugepages": "",
                "keep_hugepages": false,
                "shared": 0
              }
            ],
            "migrate": false,
            "name": "ai-gpu",
            "network_device": [
              {
                "bridge": "vmbr0",
                "disconnected": false,
                "enabled": true,
                "firewall": false,
                "mac_address": "BC:24:11:92:DB:53",
                "model": "virtio",
                "mtu": 0,
                "queues": 0,
                "rate_limit": 0,
                "trunks": "",
                "vlan_id": 0
              }
            ],
            "network_interface_names": [
              "lo",
              "eth0",
              "br-8c768ba88784",
              "docker0",
              "vethcb4faca",
              "veth7ee2198",
              "veth9c619ef"
            ],
            "node_name": "server",
            "numa": [],
            "on_boot": true,
            "operating_system": [
              {
                "type": "l26"
              }
            ],
            "pool_id": "",
            "protection": false,
            "purge_on_destroy": true,
            "reboot": false,
            "reboot_after_update": true,
            "rng": [],
            "scsi_hardware": "virtio-scsi-single",
            "serial_device": [],
            "smbios": [],
            "started": true,
            "startup": [
              {
                "down_delay": 60,
                "order": 3,
                "up_delay": 120
              }
            ],
            "stop_on_destroy": false,
            "tablet_device": true,
            "tags": [
              "gpu",
              "ml",
              "ollama",
              "whisper"
            ],
            "template": false,
            "timeout_clone": 1800,
            "timeout_create": 1800,
            "timeout_migrate": 1800,
            "timeout_move_disk": 1800,
            "timeout_reboot": 1800,
            "timeout_shutdown_vm": 1800,
            "timeout_start_vm": 1800,
            "timeout_stop_vm": 300,
            "tpm_state": [],
            "usb": [],
            "vga": [
              {
                "clipboard": "",
                "memory": 16,
                "type": "serial0"
              }
            ],
            "virtiofs": [],
            "vm_id": 115,
            "watchdog": []
          },
          "sensitive_attributes": [
            [
              {
                "type": "get_attr",
                "value": "initialization"
              },
              {
                "type": "index",
                "value": {
                  "value": 0,
                  "type": "number"
                }
              },
              {
                "type": "get_attr",
                "value": "user_account"
              },
              {
                "type": "index",
                "value": {
                  "value": 0,
                  "type": "number"
                }
              },
              {
                "type": "get_attr",
                "value": "password"
              }
            ]
          ],
          "identity_schema_version": 0,
          "private": "bnVsbA==",
          "dependencies": [
            "proxmox_virtual_environment_file.ai_cloud_init"
          ]
        }
      ]
    },
    {
      "mode": "managed",
      "type": "proxmox_virtual_environment_vm",
      "name": "db_postgres",
      "provider": "provider[\"registry.terraform.io/bpg/proxmox\"]",
      "instances": [
        {
          "schema_version": 0,
          "attributes": {
            "acpi": true,
            "agent": [],
            "amd_sev": [],
            "audio_device": [],
            "bios": "ovmf",
            "boot_order": [],
            "cdrom": [],
            "clone": [
              {
                "datastore_id": "",
                "full": true,
                "node_name": "server",
                "retries": 1,
                "vm_id": 9001
              }
            ],
            "cpu": [
              {
                "affinity": "",
                "architecture": "",
                "cores": 4,
                "flags": [],
                "hotplugged": 0,
                "limit": 0,
                "numa": false,
                "sockets": 1,
                "type": "host",
                "units": 0
              }
            ],
            "delete_unreferenced_disks_on_destroy": true,
            "description": "Postgres database host",
            "disk": [
              {
                "aio": "io_uring",
                "backup": true,
                "cache": "none",
                "datastore_id": "local-lvm",
                "discard": "on",
                "file_format": "raw",
                "file_id": "",
                "import_from": "",
                "interface": "scsi0",
                "iothread": true,
                "path_in_datastore": "vm-113-disk-1",
                "replicate": true,
                "serial": "",
                "size": 20,
                "speed": [],
                "ssd": true
              },
              {
                "aio": "io_uring",
                "backup": true,
                "cache": "none",
                "datastore_id": "local-lvm",
                "discard": "on",
                "file_format": "raw",
                "file_id": "",
                "import_from": "",
                "interface": "scsi1",
                "iothread": true,
                "path_in_datastore": "vm-113-pgdata",
                "replicate": true,
                "serial": "",
                "size": 60,
                "speed": [],
                "ssd": true
              }
            ],
            "efi_disk": [],
            "hook_script_file_id": null,
            "hostpci": [],
            "id": "113",
            "initialization": [
              {
                "datastore_id": "local-lvm",
                "dns": [
                  {
                    "domain": "",
                    "servers": [
                      "1.1.1.1"
                    ]
                  }
                ],
                "file_format": "",
                "interface": "ide2",
                "ip_config": [
                  {
                    "ipv4": [
                      {
                        "address": "192.168.20.21/24",
                        "gateway": "192.168.20.1"
                      }
                    ],
                    "ipv6": []
                  }
                ],
                "meta_data_file_id": "",
                "network_data_file_id": "",
                "type": "",
                "user_account": [
                  {
                    "keys": [
                      "ssh-ed25519 AAAAC3NzaC1lZDI1NTE5AAAAIAhLzivPgJGOMkfj6Fg8WBbPvJIMLQHjpFTnXZVsncBg prakash2ji@gmail.com"
                    ],
                    "password": "**********",
                    "username": "deployer"
                  }
                ],
                "user_data_file_id": "local:snippets/postgres-cloud-init.yaml",
                "vendor_data_file_id": ""
              }
            ],
            "ipv4_addresses": [
              [
                "127.0.0.1"
              ],
              [
                "192.168.20.21"
              ]
            ],
            "ipv6_addresses": [
              [
                "::1"
              ],
              [
                "fdd5:945b:3322::72f",
                "fdd5:945b:3322:0:be24:11ff:fe2f:ae4",
                "fe80::be24:11ff:fe2f:ae4"
              ]
            ],
            "keyboard_layout": "en-us",
            "kvm_arguments": null,
            "mac_addresses": [
              "00:00:00:00:00:00",
              "BC:24:11:2F:0A:E4"
            ],
            "machine": "q35",
            "memory": [
              {
                "dedicated": 8192,
                "floating": 0,
                "hugepages": "",
                "keep_hugepages": false,
                "shared": 0
              }
            ],
            "migrate": false,
            "name": "db-postgres",
            "network_device": [
              {
                "bridge": "vmbr0",
                "disconnected": false,
                "enabled": true,
                "firewall": false,
                "mac_address": "BC:24:11:2F:0A:E4",
                "model": "virtio",
                "mtu": 0,
                "queues": 0,
                "rate_limit": 0,
                "trunks": "",
                "vlan_id": 0
              }
            ],
            "network_interface_names": [
              "lo",
              "eth0"
            ],
            "node_name": "server",
            "numa": [],
            "on_boot": true,
            "operating_system": [
              {
                "type": "l26"
              }
            ],
            "pool_id": "",
            "protection": false,
            "purge_on_destroy": true,
            "reboot": false,
            "reboot_after_update": true,
            "rng": [],
            "scsi_hardware": "virtio-scsi-single",
            "serial_device": [],
            "smbios": [],
            "started": true,
            "startup": [
              {
                "down_delay": 60,
                "order": 1,
                "up_delay": 60
              }
            ],
            "stop_on_destroy": false,
            "tablet_device": true,
            "tags": [
              "db",
              "postgres"
            ],
            "template": false,
            "timeout_clone": 1800,
            "timeout_create": 1800,
            "timeout_migrate": 1800,
            "timeout_move_disk": 1800,
            "timeout_reboot": 1800,
            "timeout_shutdown_vm": 1800,
            "timeout_start_vm": 1800,
            "timeout_stop_vm": 300,
            "tpm_state": [],
            "usb": [],
            "vga": [
              {
                "clipboard": "",
                "memory": 16,
                "type": "serial0"
              }
            ],
            "virtiofs": [],
            "vm_id": 113,
            "watchdog": []
          },
          "sensitive_attributes": [
            [
              {
                "type": "get_attr",
                "value": "initialization"
              },
              {
                "type": "index",
                "value": {
                  "value": 0,
                  "type": "number"
                }
              },
              {
                "type": "get_attr",
                "value": "user_account"
              },
              {
                "type": "index",
                "value": {
                  "value": 0,
                  "type": "number"
                }
              },
              {
                "type": "get_attr",
                "value": "password"
              }
            ]
          ],
          "identity_schema_version": 0,
          "private": "bnVsbA==",
          "dependencies": [
            "proxmox_virtual_environment_file.postgres_cloud_init"
          ]
        }
      ]
    },
    {
      "mode": "managed",
      "type": "proxmox_virtual_environment_vm",
      "name": "gh_runners",
      "provider": "provider[\"registry.terraform.io/bpg/proxmox\"]",
      "instances": [
        {
          "schema_version": 0,
          "attributes": {
            "acpi": true,
            "agent": [],
            "amd_sev": [],
            "audio_device": [],
            "bios": "ovmf",
            "boot_order": [],
            "cdrom": [],
            "clone": [
              {
                "datastore_id": "",
                "full": true,
                "node_name": "server",
                "retries": 1,
                "vm_id": 9001
              }
            ],
            "cpu": [
              {
                "affinity": "",
                "architecture": "",
                "cores": 8,
                "flags": [],
                "hotplugged": 0,
                "limit": 0,
                "numa": false,
                "sockets": 1,
                "type": "host",
                "units": 0
              }
            ],
            "delete_unreferenced_disks_on_destroy": true,
            "description": "GitHub Actions self-hosted runners (ephemeral, JIT-registered per repo)",
            "disk": [
              {
                "aio": "io_uring",
                "backup": true,
                "cache": "none",
                "datastore_id": "local-lvm",
                "discard": "on",
                "file_format": "raw",
                "file_id": "",
                "import_from": "",
                "interface": "scsi0",
                "iothread": true,
                "path_in_datastore": "vm-117-disk-1",
                "replicate": true,
                "serial": "",
                "size": 60,
                "speed": [],
                "ssd": true
              }
            ],
            "efi_disk": [],
            "hook_script_file_id": null,
            "hostpci": [],
            "id": "117",
            "initialization": [
              {
                "datastore_id": "local-lvm",
                "dns": [
                  {
                    "domain": "",
                    "servers": [
                      "1.1.1.1"
                    ]
                  }
                ],
                "file_format": "",
                "interface": "ide2",
                "ip_config": [
                  {
                    "ipv4": [
                      {
                        "address": "192.168.20.50/24",
                        "gateway": "192.168.20.1"
                      }
                    ],
                    "ipv6": []
                  }
                ],
                "meta_data_file_id": "",
                "network_data_file_id": "",
                "type": "",
                "user_account": [
                  {
                    "keys": [
                      "ssh-ed25519 AAAAC3NzaC1lZDI1NTE5AAAAIAhLzivPgJGOMkfj6Fg8WBbPvJIMLQHjpFTnXZVsncBg prakash2ji@gmail.com"
                    ],
                    "password": "**********",
                    "username": "deployer"
                  }
                ],
                "user_data_file_id": "local:snippets/gh-runners-cloud-init.yaml",
                "vendor_data_file_id": ""
              }
            ],
            "ipv4_addresses": [
              [
                "127.0.0.1"
              ],
              [
                "192.168.20.50"
              ],
              [
                "172.18.0.1"
              ],
              [
                "172.17.0.1"
              ],
              []
            ],
            "ipv6_addresses": [
              [
                "::1"
              ],
              [
                "fdd5:945b:3322:0:be24:11ff:fe62:8f8b",
                "fe80::be24:11ff:fe62:8f8b"
              ],
              [],
              [
                "fe80::1489:e9ff:fe88:a994"
              ],
              [
                "fe80::fc36:3cff:fe56:9ff8"
              ]
            ],
            "keyboard_layout": "en-us",
            "kvm_arguments": null,
            "mac_addresses": [
              "00:00:00:00:00:00",
              "BC:24:11:62:8F:8B",
              "3A:40:06:45:1D:F7",
              "16:89:E9:88:A9:94",
              "FE:36:3C:56:9F:F8"
            ],
            "machine": "q35",
            "memory": [
              {
                "dedicated": 16384,
                "floating": 0,
                "hugepages": "",
                "keep_hugepages": false,
                "shared": 0
              }
            ],
            "migrate": false,
            "name": "gh-runners",
            "network_device": [
              {
                "bridge": "vmbr0",
                "disconnected": false,
                "enabled": true,
                "firewall": false,
                "mac_address": "BC:24:11:62:8F:8B",
                "model": "virtio",
                "mtu": 0,
                "queues": 0,
                "rate_limit": 0,
                "trunks": "",
                "vlan_id": 0
              }
            ],
            "network_interface_names": [
              "lo",
              "eth0",
              "br-0d97fbf1e7ee",
              "docker0",
              "veth8cd2e86"
            ],
            "node_name": "server",
            "numa": [],
            "on_boot": true,
            "operating_system": [
              {
                "type": "l26"
              }
            ],
            "pool_id": "",
            "protection": false,
            "purge_on_destroy": true,
            "reboot": false,
            "reboot_after_update": true,
            "rng": [],
            "scsi_hardware": "virtio-scsi-single",
            "serial_device": [],
            "smbios": [],
            "started": true,
            "startup": [
              {
                "down_delay": 60,
                "order": 3,
                "up_delay": 60
              }
            ],
            "stop_on_destroy": false,
            "tablet_device": true,
            "tags": [
              "ci",
              "github-actions",
              "runners"
            ],
            "template": false,
            "timeout_clone": 1800,
            "timeout_create": 1800,
            "timeout_migrate": 1800,
            "timeout_move_disk": 1800,
            "timeout_reboot": 1800,
            "timeout_shutdown_vm": 1800,
            "timeout_start_vm": 1800,
            "timeout_stop_vm": 300,
            "tpm_state": [],
            "usb": [],
            "vga": [
              {
                "clipboard": "",
                "memory": 16,
                "type": "serial0"
              }
            ],
            "virtiofs": [],
            "vm_id": 117,
            "watchdog": []
          },
          "sensitive_attributes": [
            [
              {
                "type": "get_attr",
                "value": "initialization"
              },
              {
                "type": "index",
                "value": {
                  "value": 0,
                  "type": "number"
                }
              },
              {
                "type": "get_attr",
                "value": "user_account"
              },
              {
                "type": "index",
                "value": {
                  "value": 0,
                  "type": "number"
                }
              },
              {
                "type": "get_attr",
                "value": "password"
              }
            ]
          ],
          "identity_schema_version": 0,
          "private": "bnVsbA==",
          "dependencies": [
            "proxmox_virtual_environment_file.gh_runners_cloud_init"
          ]
        }
      ]
    },
    {
      "mode": "managed",
      "type": "proxmox_virtual_environment_vm",
      "name": "infisical",
      "provider": "provider[\"registry.terraform.io/bpg/proxmox\"]",
      "instances": [
        {
          "schema_version": 0,
          "attributes": {
            "acpi": true,
            "agent": [],
            "amd_sev": [],
            "audio_device": [],
            "bios": "ovmf",
            "boot_order": [
              "scsi0"
            ],
            "cdrom": [],
            "clone": [
              {
                "datastore_id": "",
                "full": true,
                "node_name": "server",
                "retries": 1,
                "vm_id": 9001
              }
            ],
            "cpu": [
              {
                "affinity": "",
                "architecture": "",
                "cores": 2,
                "flags": [],
                "hotplugged": 0,
                "limit": 0,
                "numa": false,
                "sockets": 1,
                "type": "host",
                "units": 0
              }
            ],
            "delete_unreferenced_disks_on_destroy": true,
            "description": "Infisical secret management server",
            "disk": [
              {
                "aio": "io_uring",
                "backup": true,
                "cache": "none",
                "datastore_id": "local-lvm",
                "discard": "on",
                "file_format": "raw",
                "file_id": "",
                "import_from": "",
                "interface": "scsi0",
                "iothread": true,
                "path_in_datastore": "vm-114-disk-1",
                "replicate": true,
                "serial": "",
                "size": 20,
                "speed": [],
                "ssd": true
              },
              {
                "aio": "io_uring",
                "backup": true,
                "cache": "none",
                "datastore_id": "tank-vm",
                "discard": "on",
                "file_format": "raw",
                "file_id": "",
                "import_from": "",
                "interface": "scsi1",
                "iothread": false,
                "path_in_datastore": "vm-114-disk-0",
                "replicate": true,
                "serial": "",
                "size": 500,
                "speed": [],
                "ssd": false
              }
            ],
            "efi_disk": [],
            "hook_script_file_id": null,
            "hostpci": [],
            "id": "114",
            "initialization": [
              {
                "datastore_id": "local-lvm",
                "dns": [
                  {
                    "domain": "",
                    "servers": [
                      "1.1.1.1"
                    ]
                  }
                ],
                "file_format": "",
                "interface": "ide2",
                "ip_config": [
                  {
                    "ipv4": [
                      {
                        "address": "192.168.20.22/24",
                        "gateway": "192.168.20.1"
                      }
                    ],
                    "ipv6": []
                  }
                ],
                "meta_data_file_id": "",
                "network_data_file_id": "",
                "type": "",
                "user_account": [
                  {
                    "keys": [
                      "ssh-ed25519 AAAAC3NzaC1lZDI1NTE5AAAAIAhLzivPgJGOMkfj6Fg8WBbPvJIMLQHjpFTnXZVsncBg prakash2ji@gmail.com"
                    ],
                    "password": "**********",
                    "username": "deployer"
                  }
                ],
                "user_data_file_id": "local:snippets/infisical-cloud-init.yaml",
                "vendor_data_file_id": ""
              }
            ],
            "ipv4_addresses": [
              [
                "127.0.0.1"
              ],
              [
                "192.168.20.22"
              ],
              [
                "172.17.0.1"
              ],
              [
                "172.18.0.1"
              ],
              [
                "172.19.0.1"
              ],
              [],
              [],
              []
            ],
            "ipv6_addresses": [
              [
                "::1"
              ],
              [
                "fdd5:945b:3322:0:be24:11ff:fe46:9189",
                "fe80::be24:11ff:fe46:9189"
              ],
              [],
              [
                "fe80::cf2:70ff:fe49:bcfa"
              ],
              [
                "fe80::c819:62ff:fe56:3b05"
              ],
              [
                "fe80::fc70:6aff:fe67:ca6d"
              ],
              [
                "fe80::14a1:78ff:fe91:d12c"
              ],
              [
                "fe80::8c12:52ff:fea6:f2fa"
              ]
            ],
            "keyboard_layout": "en-us",
            "kvm_arguments": null,
            "mac_addresses": [
              "00:00:00:00:00:00",
              "BC:24:11:46:91:89",
              "6E:5A:45:F6:81:3E",
              "0E:F2:70:49:BC:FA",
              "CA:19:62:56:3B:05",
              "FE:70:6A:67:CA:6D",
              "16:A1:78:91:D1:2C",
              "8E:12:52:A6:F2:FA"
            ],
            "machine": "q35",
            "memory": [
              {
                "dedicated": 4096,
                "floating": 0,
                "hugepages": "",
                "keep_hugepages": false,
                "shared": 0
              }
            ],
            "migrate": false,
            "name": "infisical",
            "network_device": [
              {
                "bridge": "vmbr0",
                "disconnected": false,
                "enabled": true,
                "firewall": false,
                "mac_address": "BC:24:11:46:91:89",
                "model": "virtio",
                "mtu": 0,
                "queues": 0,
                "rate_limit": 0,
                "trunks": "",
                "vlan_id": 0
              }
            ],
            "network_interface_names": [
              "lo",
              "eth0",
              "docker0",
              "br-1f8260ab4254",
              "br-2ffb2912282f",
              "vethbc13bf9",
              "veth5d1d45e",
              "veth5b42714"
            ],
            "node_name": "server",
            "numa": [],
            "on_boot": true,
            "operating_system": [
              {
                "type": "l26"
              }
            ],
            "pool_id": "",
            "protection": false,
            "purge_on_destroy": true,
            "reboot": false,
            "reboot_after_update": true,
            "rng": [],
            "scsi_hardware": "virtio-scsi-single",
            "serial_device": [],
            "smbios": [],
            "started": true,
            "startup": [
              {
                "down_delay": 60,
                "order": 2,
                "up_delay": 60
              }
            ],
            "stop_on_destroy": false,
            "tablet_device": true,
            "tags": [
              "garage",
              "infisical",
              "secrets"
            ],
            "template": false,
            "timeout_clone": 1800,
            "timeout_create": 1800,
            "timeout_migrate": 1800,
            "timeout_move_disk": 1800,
            "timeout_reboot": 1800,
            "timeout_shutdown_vm": 1800,
            "timeout_start_vm": 1800,
            "timeout_stop_vm": 300,
            "tpm_state": [],
            "usb": [],
            "vga": [],
            "virtiofs": [],
            "vm_id": 114,
            "watchdog": []
          },
          "sensitive_attributes": [
            [
              {
                "type": "get_attr",
                "value": "initialization"
              },
              {
                "type": "index",
                "value": {
                  "value": 0,
                  "type": "number"
                }
              },
              {
                "type": "get_attr",
                "value": "user_account"
              },
              {
                "type": "index",
                "value": {
                  "value": 0,
                  "type": "number"
                }
              },
              {
                "type": "get_attr",
                "value": "password"
              }
            ]
          ],
          "identity_schema_version": 0,
          "private": "bnVsbA==",
          "dependencies": [
            "proxmox_virtual_environment_file.infisical_cloud_init",
            "proxmox_virtual_environment_file.postgres_cloud_init",
            "proxmox_virtual_environment_vm.db_postgres"
          ]
        }
      ]
    },
    {
      "mode": "managed",
      "type": "proxmox_virtual_environment_vm",
      "name": "k3s_apps",
      "provider": "provider[\"registry.terraform.io/bpg/proxmox\"]",
      "instances": [
        {
          "schema_version": 0,
          "attributes": {
            "acpi": true,
            "agent": [],
            "amd_sev": [],
            "audio_device": [],
            "bios": "ovmf",
            "boot_order": [
              "scsi0"
            ],
            "cdrom": [],
            "clone": [
              {
                "datastore_id": "",
                "full": true,
                "node_name": "server",
                "retries": 1,
                "vm_id": 9001
              }
            ],
            "cpu": [
              {
                "affinity": "",
                "architecture": "",
                "cores": 8,
                "flags": [],
                "hotplugged": 0,
                "limit": 0,
                "numa": false,
                "sockets": 1,
                "type": "host",
                "units": 0
              }
            ],
            "delete_unreferenced_disks_on_destroy": true,
            "description": "K3s single-node cluster host",
            "disk": [
              {
                "aio": "io_uring",
                "backup": true,
                "cache": "none",
                "datastore_id": "local-lvm",
                "discard": "on",
                "file_format": "raw",
                "file_id": "",
                "import_from": "",
                "interface": "scsi0",
                "iothread": true,
                "path_in_datastore": "vm-112-disk-1",
                "replicate": true,
                "serial": "",
                "size": 80,
                "speed": [],
                "ssd": true
              }
            ],
            "efi_disk": [],
            "hook_script_file_id": null,
            "hostpci": [],
            "id": "112",
            "initialization": [
              {
                "datastore_id": "local-lvm",
                "dns": [
                  {
                    "domain": "",
                    "servers": [
                      "1.1.1.1"
                    ]
                  }
                ],
                "file_format": "",
                "interface": "ide2",
                "ip_config": [
                  {
                    "ipv4": [
                      {
                        "address": "192.168.20.11/24",
                        "gateway": "192.168.20.1"
                      }
                    ],
                    "ipv6": []
                  }
                ],
                "meta_data_file_id": "",
                "network_data_file_id": "",
                "type": "",
                "user_account": [
                  {
                    "keys": [
                      "ssh-ed25519 AAAAC3NzaC1lZDI1NTE5AAAAIAhLzivPgJGOMkfj6Fg8WBbPvJIMLQHjpFTnXZVsncBg prakash2ji@gmail.com"
                    ],
                    "password": "**********",
                    "username": "deployer"
                  }
                ],
                "user_data_file_id": "",
                "vendor_data_file_id": ""
              }
            ],
            "ipv4_addresses": [
              [
                "127.0.0.1"
              ],
              [
                "192.168.20.11"
              ],
              [
                "10.42.0.0"
              ],
              [
                "10.42.0.1"
              ],
              [],
              [],
              [],
              [],
              [],
              [],
              [],
              [],
              [],
              [],
              [],
              [],
              [],
              [],
              [],
              [],
              [],
              [],
              [],
              [],
              [],
              [],
              [],
              [],
              [],
              [],
              [],
              [],
              [],
              [],
              [],
              [],
              []
            ],
            "ipv6_addresses": [
              [
                "::1"
              ],
              [
                "fdd5:945b:3322::a69",
                "fdd5:945b:3322:0:be24:11ff:fea4:aa84",
                "fe80::be24:11ff:fea4:aa84"
              ],
              [
                "fe80::c85d:feff:fe8e:5808"
              ],
              [
                "fe80::b872:94ff:fe7d:ed77"
              ],
              [
                "fe80::b849:10ff:fe05:4ef7"
              ],
              [
                "fe80::4cd4:44ff:fe6c:795c"
              ],
              [
                "fe80::b01d:fcff:fe38:a6b3"
              ],
              [
                "fe80::6480:6eff:feb0:f8b9"
              ],
              [
                "fe80::14cb:c4ff:feda:3f69"
              ],
              [
                "fe80::df:e4ff:fe3c:57c5"
              ],
              [
                "fe80::50fb:edff:fe7e:4a1"
              ],
              [
                "fe80::5d:1ff:fe5f:d2f2"
              ],
              [
                "fe80::8462:3dff:fec1:51cd"
              ],
              [
                "fe80::54c1:1aff:fe3b:6d54"
              ],
              [
                "fe80::a401:2aff:fece:d983"
              ],
              [
                "fe80::c435:2eff:fe65:9f2d"
              ],
              [
                "fe80::301a:eff:feaa:f3a0"
              ],
              [
                "fe80::82e:1dff:fe4b:c13d"
              ],
              [
                "fe80::4c06:e8ff:fe9a:3db6"
              ],
              [
                "fe80::345c:b5ff:fe58:6fa2"
              ],
              [
                "fe80::4412:f6ff:fec2:1f53"
              ],
              [
                "fe80::ecf0:9bff:fe55:ad07"
              ],
              [
                "fe80::58a7:49ff:fe80:7dc"
              ],
              [
                "fe80::dc52:a9ff:feb1:4e4c"
              ],
              [
                "fe80::ac48:24ff:fe7b:1568"
              ],
              [
                "fe80::b491:8bff:febb:ecde"
              ],
              [
                "fe80::44c5:98ff:fe74:e128"
              ],
              [
                "fe80::386f:32ff:fea8:471f"
              ],
              [
                "fe80::1438:e2ff:febc:28ce"
              ],
              [
                "fe80::1092:b2ff:fee2:84e5"
              ],
              [
                "fe80::ec0e:b6ff:fe8b:a3c8"
              ],
              [
                "fe80::bc92:b3ff:fecf:b22a"
              ],
              [
                "fe80::e4af:d3ff:fed2:f33b"
              ],
              [
                "fe80::c21:9bff:fe3a:4876"
              ],
              [
                "fe80::7838:fff:feef:9f8e"
              ],
              [
                "fe80::8ac:3fff:fee6:49fd"
              ],
              [
                "fe80::b8f7:adff:fedb:d5ec"
              ]
            ],
            "keyboard_layout": "en-us",
            "kvm_arguments": null,
            "mac_addresses": [
              "00:00:00:00:00:00",
              "BC:24:11:A4:AA:84",
              "CA:5D:FE:8E:58:08",
              "BA:72:94:7D:ED:77",
              "BA:49:10:05:4E:F7",
              "4E:D4:44:6C:79:5C",
              "B2:1D:FC:38:A6:B3",
              "66:80:6E:B0:F8:B9",
              "16:CB:C4:DA:3F:69",
              "02:DF:E4:3C:57:C5",
              "52:FB:ED:7E:04:A1",
              "02:5D:01:5F:D2:F2",
              "86:62:3D:C1:51:CD",
              "56:C1:1A:3B:6D:54",
              "A6:01:2A:CE:D9:83",
              "C6:35:2E:65:9F:2D",
              "32:1A:0E:AA:F3:A0",
              "0A:2E:1D:4B:C1:3D",
              "4E:06:E8:9A:3D:B6",
              "36:5C:B5:58:6F:A2",
              "46:12:F6:C2:1F:53",
              "EE:F0:9B:55:AD:07",
              "5A:A7:49:80:07:DC",
              "DE:52:A9:B1:4E:4C",
              "AE:48:24:7B:15:68",
              "B6:91:8B:BB:EC:DE",
              "46:C5:98:74:E1:28",
              "3A:6F:32:A8:47:1F",
              "16:38:E2:BC:28:CE",
              "B2:6F:1E:C3:93:F5",
              "EE:0E:B6:8B:A3:C8",
              "BE:92:B3:CF:B2:2A",
              "E6:AF:D3:D2:F3:3B",
              "0E:21:9B:3A:48:76",
              "7A:38:0F:EF:9F:8E",
              "0A:AC:3F:E6:49:FD",
              "BA:F7:AD:DB:D5:EC"
            ],
            "machine": "q35",
            "memory": [
              {
                "dedicated": 12288,
                "floating": 0,
                "hugepages": "",
                "keep_hugepages": false,
                "shared": 0
              }
            ],
            "migrate": false,
            "name": "k3s-apps",
            "network_device": [
              {
                "bridge": "vmbr0",
                "disconnected": false,
                "enabled": true,
                "firewall": false,
                "mac_address": "BC:24:11:A4:AA:84",
                "model": "virtio",
                "mtu": 0,
                "queues": 0,
                "rate_limit": 0,
                "trunks": "",
                "vlan_id": 0
              }
            ],
            "network_interface_names": [
              "lo",
              "eth0",
              "flannel.1",
              "cni0",
              "veth13ec0900",
              "veth59b44bb1",
              "veth0eb53cf1",
              "veth2a1106c6",
              "vethd022bc58",
              "vethe9ca9311",
              "vetha905ade5",
              "veth27481e64",
              "vethfe754792",
              "vethe6bad1fb",
              "veth0aae66fa",
              "veth6c68c3ce",
              "veth7f2bd0b8",
              "vethd2aa8f1b",
              "veth881f6f90",
              "veth6e77db6e",
              "vethce9adfdf",
              "veth19bdb7f5",
              "veth72333088",
              "veth6a2ee926",
              "vethc94cdcf0",
              "veth5c7afed7",
              "veth05d4e601",
              "vethccc9d037",
              "veth4d032cf2",
              "vethf5b7f6ec",
              "vethbd4489a4",
              "vethb518eee4",
              "veth656d85f4",
              "vethfa394588",
              "vethb8cd8c90",
              "veth20729022",
              "veth269194f4"
            ],
            "node_name": "server",
            "numa": [],
            "on_boot": true,
            "operating_system": [
              {
                "type": "l26"
              }
            ],
            "pool_id": "",
            "protection": false,
            "purge_on_destroy": true,
            "reboot": false,
            "reboot_after_update": true,
            "rng": [],
            "scsi_hardware": "virtio-scsi-single",
            "serial_device": [],
            "smbios": [],
            "started": true,
            "startup": [
              {
                "down_delay": 60,
                "order": 1,
                "up_delay": 60
              }
            ],
            "stop_on_destroy": false,
            "tablet_device": true,
            "tags": [
              "apps",
              "k3s"
            ],
            "template": false,
            "timeout_clone": 1800,
            "timeout_create": 1800,
            "timeout_migrate": 1800,
            "timeout_move_disk": 1800,
            "timeout_reboot": 1800,
            "timeout_shutdown_vm": 1800,
            "timeout_start_vm": 1800,
            "timeout_stop_vm": 300,
            "tpm_state": [],
            "usb": [],
            "vga": [],
            "virtiofs": [],
            "vm_id": 112,
            "watchdog": []
          },
          "sensitive_attributes": [
            [
              {
                "type": "get_attr",
                "value": "initialization"
              },
              {
                "type": "index",
                "value": {
                  "value": 0,
                  "type": "number"
                }
              },
              {
                "type": "get_attr",
                "value": "user_account"
              },
              {
                "type": "index",
                "value": {
                  "value": 0,
                  "type": "number"
                }
              },
              {
                "type": "get_attr",
                "value": "password"
              }
            ]
          ],
          "identity_schema_version": 0,
          "private": "bnVsbA=="
        }
      ]
    },
    {
      "mode": "managed",
      "type": "proxmox_virtual_environment_vm",
      "name": "media_server",
      "provider": "provider[\"registry.terraform.io/bpg/proxmox\"]",
      "instances": [
        {
          "schema_version": 0,
          "attributes": {
            "acpi": true,
            "agent": [],
            "amd_sev": [],
            "audio_device": [],
            "bios": "ovmf",
            "boot_order": [],
            "cdrom": [],
            "clone": [
              {
                "datastore_id": "",
                "full": true,
                "node_name": "server",
                "retries": 1,
                "vm_id": 9001
              }
            ],
            "cpu": [
              {
                "affinity": "",
                "architecture": "",
                "cores": 6,
                "flags": [],
                "hotplugged": 0,
                "limit": 0,
                "numa": false,
                "sockets": 1,
                "type": "host",
                "units": 0
              }
            ],
            "delete_unreferenced_disks_on_destroy": true,
            "description": "Media stack host (Jellyfin + qBittorrent + Radarr + Sonarr)",
            "disk": [
              {
                "aio": "io_uring",
                "backup": true,
                "cache": "none",
                "datastore_id": "tank-vm",
                "discard": "on",
                "file_format": "raw",
                "file_id": "",
                "import_from": "",
                "interface": "scsi0",
                "iothread": true,
                "path_in_datastore": "vm-116-disk-0",
                "replicate": true,
                "serial": "",
                "size": 300,
                "speed": [],
                "ssd": false
              }
            ],
            "efi_disk": [],
            "hook_script_file_id": null,
            "hostpci": [],
            "id": "116",
            "initialization": [
              {
                "datastore_id": "tank-vm",
                "dns": [
                  {
                    "domain": "",
                    "servers": [
                      "1.1.1.1"
                    ]
                  }
                ],
                "file_format": "",
                "interface": "ide2",
                "ip_config": [
                  {
                    "ipv4": [
                      {
                        "address": "192.168.20.40/24",
                        "gateway": "192.168.20.1"
                      }
                    ],
                    "ipv6": []
                  }
                ],
                "meta_data_file_id": "",
                "network_data_file_id": "",
                "type": "",
                "user_account": [
                  {
                    "keys": [
                      "ssh-ed25519 AAAAC3NzaC1lZDI1NTE5AAAAIAhLzivPgJGOMkfj6Fg8WBbPvJIMLQHjpFTnXZVsncBg prakash2ji@gmail.com"
                    ],
                    "password": "**********",
                    "username": "deployer"
                  }
                ],
                "user_data_file_id": "local:snippets/media-cloud-init.yaml",
                "vendor_data_file_id": ""
              }
            ],
            "ipv4_addresses": [
              [
                "127.0.0.1"
              ],
              [
                "192.168.20.40"
              ],
              [
                "172.17.0.1"
              ],
              [
                "172.18.0.1"
              ],
              [],
              [],
              [],
              [],
              [],
              [],
              []
            ],
            "ipv6_addresses": [
              [
                "::1"
              ],
              [
                "fdd5:945b:3322:0:be24:11ff:fe89:6175",
                "fe80::be24:11ff:fe89:6175"
              ],
              [],
              [
                "fe80::cc92:c7ff:feb5:ed7b"
              ],
              [
                "fe80::980d:3cff:fe9c:532d"
              ],
              [
                "fe80::cce6:e7ff:fec2:82d5"
              ],
              [
                "fe80::880b:a4ff:fe53:4f9e"
              ],
              [
                "fe80::905d:92ff:feac:ed87"
              ],
              [
                "fe80::7caa:deff:feb5:47aa"
              ],
              [
                "fe80::f4a1:cdff:fe35:4a6f"
              ],
              [
                "fe80::a057:50ff:fefb:955b"
              ]
            ],
            "keyboard_layout": "en-us",
            "kvm_arguments": null,
            "mac_addresses": [
              "00:00:00:00:00:00",
              "BC:24:11:89:61:75",
              "16:AE:7C:BD:B2:90",
              "CE:92:C7:B5:ED:7B",
              "9A:0D:3C:9C:53:2D",
              "CE:E6:E7:C2:82:D5",
              "8A:0B:A4:53:4F:9E",
              "92:5D:92:AC:ED:87",
              "7E:AA:DE:B5:47:AA",
              "F6:A1:CD:35:4A:6F",
              "A2:57:50:FB:95:5B"
            ],
            "machine": "q35",
            "memory": [
              {
                "dedicated": 8192,
                "floating": 0,
                "hugepages": "",
                "keep_hugepages": false,
                "shared": 0
              }
            ],
            "migrate": false,
            "name": "media-server",
            "network_device": [
              {
                "bridge": "vmbr0",
                "disconnected": false,
                "enabled": true,
                "firewall": false,
                "mac_address": "BC:24:11:89:61:75",
                "model": "virtio",
                "mtu": 0,
                "queues": 0,
                "rate_limit": 0,
                "trunks": "",
                "vlan_id": 0
              }
            ],
            "network_interface_names": [
              "lo",
              "eth0",
              "docker0",
              "br-c92b8fe5e1e4",
              "veth4724ebb",
              "veth89f58ee",
              "vethf1bd6c5",
              "veth9e6c5a2",
              "vethbc539cb",
              "veth2ef725c",
              "veth91bcfd0"
            ],
            "node_name": "server",
            "numa": [],
            "on_boot": true,
            "operating_system": [
              {
                "type": "l26"
              }
            ],
            "pool_id": "",
            "protection": false,
            "purge_on_destroy": true,
            "reboot": false,
            "reboot_after_update": true,
            "rng": [],
            "scsi_hardware": "virtio-scsi-single",
            "serial_device": [],
            "smbios": [],
            "started": true,
            "startup": [
              {
                "down_delay": 60,
                "order": 4,
                "up_delay": 120
              }
            ],
            "stop_on_destroy": false,
            "tablet_device": true,
            "tags": [
              "jellyfin",
              "media",
              "qbittorrent",
              "radarr",
              "sonarr"
            ],
            "template": false,
            "timeout_clone": 1800,
            "timeout_create": 1800,
            "timeout_migrate": 1800,
            "timeout_move_disk": 1800,
            "timeout_reboot": 1800,
            "timeout_shutdown_vm": 1800,
            "timeout_start_vm": 1800,
            "timeout_stop_vm": 300,
            "tpm_state": [],
            "usb": [],
            "vga": [
              {
                "clipboard": "",
                "memory": 16,
                "type": "serial0"
              }
            ],
            "virtiofs": [],
            "vm_id": 116,
            "watchdog": []
          },
          "sensitive_attributes": [
            [
              {
                "type": "get_attr",
                "value": "initialization"
              },
              {
                "type": "index",
                "value": {
                  "value": 0,
                  "type": "number"
                }
              },
              {
                "type": "get_attr",
                "value": "user_account"
              },
              {
                "type": "index",
                "value": {
                  "value": 0,
                  "type": "number"
                }
              },
              {
                "type": "get_attr",
                "value": "password"
              }
            ]
          ],
          "identity_schema_version": 0,
          "private": "bnVsbA==",
          "dependencies": [
            "proxmox_virtual_environment_file.media_cloud_init"
          ]
        }
      ]
    }
  ],
  "check_results": null
}
