{
  "version": 4,
  "terraform_version": "1.14.8",
  "serial": 198,
  "lineage": "e05b919b-edf6-d388-fe7d-2f0d5cdf29f8",
  "outputs": {
    "ai_vm_ip": {
      "value": "192.168.20.30",
      "type": "string"
    },
    "db_vm_ip": {
      "value": "192.168.20.21",
      "type": "string"
    },
    "infisical_url": {
      "value": "https://192.168.20.22:8443",
      "type": "string"
    },
    "infisical_vm_ip": {
      "value": "192.168.20.22",
      "type": "string"
    },
    "k3s_vm_ip": {
      "value": "192.168.20.11",
      "type": "string"
    },
    "media_proxy_urls": {
      "value": {
        "jellyfin": "http://jellyfin.internal.prakash.com.br",
        "qbittorrent": "http://torrent.internal.prakash.com.br",
        "radarr": "http://radarr.internal.prakash.com.br"
      },
      "type": [
        "object",
        {
          "jellyfin": "string",
          "qbittorrent": "string",
          "radarr": "string"
        }
      ]
    },
    "media_server_ip": {
      "value": "192.168.20.40",
      "type": "string"
    },
    "media_services": {
      "value": {
        "jellyfin": "http://192.168.20.40:8096",
        "qbittorrent": "http://192.168.20.40:8080",
        "radarr": "http://192.168.20.40:7878"
      },
      "type": [
        "object",
        {
          "jellyfin": "string",
          "qbittorrent": "string",
          "radarr": "string"
        }
      ]
    },
    "whisper_api_url": {
      "value": "http://192.168.20.30:8000",
      "type": "string"
    }
  },
  "resources": [
    {
      "mode": "managed",
      "type": "proxmox_virtual_environment_file",
      "name": "ai_cloud_init",
      "provider": "provider[\"registry.terraform.io/bpg/proxmox\"]",
      "instances": [
        {
          "schema_version": 0,
          "attributes": {
            "content_type": "snippets",
            "datastore_id": "local",
            "file_mode": null,
            "file_modification_date": null,
            "file_name": "ai-cloud-init.yaml",
            "file_size": null,
            "file_tag": null,
            "id": "local:snippets/ai-cloud-init.yaml",
            "node_name": "server",
            "overwrite": true,
            "source_file": [],
            "source_raw": [
              {
                "data": "#cloud-config\n# AI Services GPU Inference Server (Docker-based)\n# Services: Whisper (speech-to-text), Ollama (LLM inference)\n# Requires: debian-12-nvidia template (NVIDIA drivers pre-installed)\n# Sets up: Docker, NVIDIA Container Toolkit, Whisper API, Ollama, Watchtower\n\nhostname: ai-gpu\nmanage_etc_hosts: true\n\npackage_update: true\npackage_upgrade: false\n\npackages:\n  - ca-certificates\n  - curl\n  - gnupg\n  - git\n  - wget\n  - htop\n  - unzip\n  - nginx\n  - certbot\n  - python3-certbot-dns-cloudflare\n\nusers:\n  - default\n  - name: ai\n    groups: [sudo, video, render, docker]\n    shell: /bin/bash\n    sudo: ALL=(ALL) NOPASSWD:ALL\n\nwrite_files:\n  # Cloudflare credentials for Let's Encrypt\n  - path: /etc/letsencrypt/cloudflare.ini\n    permissions: \"0600\"\n    content: |\n      dns_cloudflare_api_token = Og7UTeuQqILzmS6sYHXDb4TYTSISnQDJC1xkPS99\n\n  # Nginx configuration - routes /transcribe to Whisper, /generate and /api to Ollama\n  - path: /etc/nginx/sites-available/ai\n    permissions: \"0644\"\n    content: |\n      server {\n          listen 80;\n          server_name ai.internal.prakash.com.br;\n\n          location / {\n              return 301 https://$host$request_uri;\n          }\n      }\n\n      server {\n          listen 443 ssl;\n          server_name ai.internal.prakash.com.br;\n\n          ssl_certificate /etc/letsencrypt/live/ai.internal.prakash.com.br/fullchain.pem;\n          ssl_certificate_key /etc/letsencrypt/live/ai.internal.prakash.com.br/privkey.pem;\n          ssl_protocols TLSv1.2 TLSv1.3;\n          ssl_ciphers HIGH:!aNULL:!MD5;\n\n          client_max_body_size 100M;\n\n          # Health check endpoint\n          location = /health {\n              proxy_pass http://127.0.0.1:8000/health;\n              proxy_set_header Host $host;\n              proxy_set_header X-Real-IP $remote_addr;\n          }\n\n          # Whisper transcription endpoints\n          location /transcribe {\n              proxy_pass http://127.0.0.1:8000/transcribe;\n              proxy_set_header Host $host;\n              proxy_set_header X-Real-IP $remote_addr;\n              proxy_set_header X-Forwarded-For $proxy_add_x_forwarded_for;\n              proxy_set_header X-Forwarded-Proto $scheme;\n\n              # Extended timeouts for audio processing\n              proxy_read_timeout 600s;\n              proxy_connect_timeout 60s;\n              proxy_send_timeout 600s;\n              proxy_buffering off;\n              proxy_request_buffering off;\n          }\n\n          # Ollama generate endpoint (for custom prompts)\n          location /generate {\n              proxy_pass http://127.0.0.1:11434/api/generate;\n              proxy_set_header Host $host;\n              proxy_set_header X-Real-IP $remote_addr;\n              proxy_set_header X-Forwarded-For $proxy_add_x_forwarded_for;\n              proxy_set_header X-Forwarded-Proto $scheme;\n\n              # Extended timeouts for LLM processing\n              proxy_read_timeout 300s;\n              proxy_connect_timeout 60s;\n              proxy_send_timeout 300s;\n          }\n\n          # Ollama chat endpoint (OpenAI-compatible)\n          location /v1/chat/completions {\n              proxy_pass http://127.0.0.1:11434/v1/chat/completions;\n              proxy_set_header Host $host;\n              proxy_set_header X-Real-IP $remote_addr;\n              proxy_set_header X-Forwarded-For $proxy_add_x_forwarded_for;\n              proxy_set_header X-Forwarded-Proto $scheme;\n              proxy_read_timeout 300s;\n          }\n\n          # Ollama API (full access)\n          location /api/ {\n              proxy_pass http://127.0.0.1:11434/api/;\n              proxy_set_header Host $host;\n              proxy_set_header X-Real-IP $remote_addr;\n              proxy_set_header X-Forwarded-For $proxy_add_x_forwarded_for;\n              proxy_set_header X-Forwarded-Proto $scheme;\n              proxy_read_timeout 300s;\n          }\n\n          # Queue status (whisper)\n          location /queue {\n              proxy_pass http://127.0.0.1:8000/queue;\n              proxy_set_header Host $host;\n              proxy_set_header X-Real-IP $remote_addr;\n          }\n\n          # Swagger docs for whisper\n          location /docs {\n              proxy_pass http://127.0.0.1:8000/docs;\n              proxy_set_header Host $host;\n              proxy_set_header X-Real-IP $remote_addr;\n          }\n\n          location /openapi.json {\n              proxy_pass http://127.0.0.1:8000/openapi.json;\n              proxy_set_header Host $host;\n          }\n\n          # Root shows service info\n          location = / {\n              default_type application/json;\n              return 200 '{\"service\":\"AI Services\",\"endpoints\":{\"/transcribe\":\"Speech-to-text (Whisper)\",\"/generate\":\"Text generation (Ollama)\",\"/v1/chat/completions\":\"OpenAI-compatible chat\",\"/api/\":\"Full Ollama API\",\"/health\":\"Health check\",\"/docs\":\"Whisper API docs\"}}';\n          }\n      }\n\n  # Cert renewal hook\n  - path: /etc/letsencrypt/renewal-hooks/deploy/reload-nginx.sh\n    permissions: \"0755\"\n    content: |\n      #!/bin/bash\n      systemctl reload nginx\n\n\n  # Docker Compose configuration\n  - path: /opt/ai/docker-compose.yaml\n    permissions: \"0644\"\n    content: |\n      services:\n        whisper-api:\n          image: ghcr.io/prem-prakash/whisper-api:latest\n          container_name: whisper-api\n          restart: unless-stopped\n          ports:\n            - \"127.0.0.1:8000:8000\"\n          volumes:\n            - whisper-cache:/app/.cache\n          environment:\n            - WHISPER_MODEL=turbo\n            - WHISPER_DEVICE=cuda\n            - XDG_CACHE_HOME=/app/.cache\n          deploy:\n            resources:\n              reservations:\n                devices:\n                  - driver: nvidia\n                    count: 1\n                    capabilities: [gpu]\n          logging:\n            driver: json-file\n            options:\n              max-size: \"10m\"\n              max-file: \"3\"\n\n        ollama:\n          image: ollama/ollama:latest\n          container_name: ollama\n          restart: unless-stopped\n          ports:\n            - \"127.0.0.1:11434:11434\"\n          volumes:\n            - ollama-data:/root/.ollama\n          environment:\n            - OLLAMA_KEEP_ALIVE=5m\n          deploy:\n            resources:\n              reservations:\n                devices:\n                  - driver: nvidia\n                    count: 1\n                    capabilities: [gpu]\n          logging:\n            driver: json-file\n            options:\n              max-size: \"10m\"\n              max-file: \"3\"\n\n        watchtower:\n          image: nickfedor/watchtower\n          container_name: watchtower\n          restart: unless-stopped\n          volumes:\n            - /var/run/docker.sock:/var/run/docker.sock\n            - /home/ai/.docker/config.json:/config.json:ro\n          environment:\n            - WATCHTOWER_CLEANUP=true\n            - WATCHTOWER_POLL_INTERVAL=300\n            - WATCHTOWER_INCLUDE_STOPPED=false\n            - DOCKER_CONFIG=/\n          command: whisper-api ollama\n\n      volumes:\n        whisper-cache:\n        ollama-data:\n\n  # Main setup script - runs once on first boot\n  - path: /opt/ai/setup.sh\n    permissions: \"0755\"\n    content: |\n      #!/bin/bash\n      # AI Services Docker Setup Script\n      # NVIDIA drivers are pre-installed in the template\n\n      LOG_FILE=\"/var/log/ai-setup.log\"\n      exec \u003e \u003e(tee -a \"$LOG_FILE\") 2\u003e\u00261\n\n      echo \"\"\n      echo \"==========================================\"\n      echo \"AI Services Setup - $(date)\"\n      echo \"==========================================\"\n\n      SETUP_COMPLETE=\"/opt/ai/.setup_complete\"\n\n      # If setup is complete, exit\n      if [ -f \"$SETUP_COMPLETE\" ]; then\n          echo \"Setup already complete.\"\n          exit 0\n      fi\n\n      # Verify GPU is available\n      echo \"\"\n      echo \"=== Checking GPU ===\"\n      if ! nvidia-smi; then\n          echo \"ERROR: NVIDIA GPU not detected!\"\n          echo \"Make sure you're using the debian-12-nvidia template\"\n          echo \"and GPU passthrough is configured correctly.\"\n          exit 1\n      fi\n\n      echo \"\"\n      echo \"GPU detected:\"\n      nvidia-smi --query-gpu=name,memory.total,driver_version --format=csv\n\n      # Install NVIDIA Container Toolkit\n      echo \"\"\n      echo \"=== Installing NVIDIA Container Toolkit ===\"\n      if ! command -v nvidia-ctk \u0026\u003e /dev/null; then\n          curl -fsSL https://nvidia.github.io/libnvidia-container/gpgkey | gpg --dearmor -o /usr/share/keyrings/nvidia-container-toolkit-keyring.gpg\n          curl -s -L https://nvidia.github.io/libnvidia-container/stable/deb/nvidia-container-toolkit.list | \\\n              sed 's#deb https://#deb [signed-by=/usr/share/keyrings/nvidia-container-toolkit-keyring.gpg] https://#g' | \\\n              tee /etc/apt/sources.list.d/nvidia-container-toolkit.list\n          apt-get update\n          apt-get install -y nvidia-container-toolkit\n          nvidia-ctk runtime configure --runtime=docker\n          systemctl restart docker\n          echo \"NVIDIA Container Toolkit installed\"\n      else\n          echo \"NVIDIA Container Toolkit already installed\"\n      fi\n\n      # Setup GHCR authentication\n      echo \"\"\n      echo \"=== Configuring GHCR authentication ===\"\n      mkdir -p /home/ai/.docker\n      echo '{\"auths\":{\"ghcr.io\":{\"auth\":\"cHJlbS1wcmFrYXNoOmdocF9Kc0xyNGdCSlFTdWxZRWxZenR1ejZidEFEbnhKdmMyNkY5VXk=\"}}}' \u003e /home/ai/.docker/config.json\n      chown -R ai:ai /home/ai/.docker\n      chmod 600 /home/ai/.docker/config.json\n      echo \"GHCR authentication configured\"\n\n      # Ensure ownership\n      chown -R ai:ai /opt/ai\n\n      # Pull and start containers\n      echo \"\"\n      echo \"=== Starting AI Services containers ===\"\n      cd /opt/ai\n      sudo -u ai docker compose pull\n      sudo -u ai docker compose up -d\n\n      # Wait for Ollama to be ready and pull the model\n      echo \"\"\n      echo \"=== Pulling Ollama model (qwen2.5:3b) ===\"\n      for i in {1..30}; do\n          if curl -s http://localhost:11434/api/tags \u003e /dev/null 2\u003e\u00261; then\n              break\n          fi\n          echo \"Waiting for Ollama... ($i/30)\"\n          sleep 5\n      done\n\n      # Pull the translation model\n      echo \"Pulling qwen2.5:3b...\"\n      curl -X POST http://localhost:11434/api/pull -d '{\"name\": \"qwen2.5:3b\"}' --no-buffer\n\n      # Wait for Whisper API to be ready\n      echo \"\"\n      echo \"=== Waiting for Whisper API to be ready ===\"\n      for i in {1..60}; do\n          if curl -s http://localhost:8000/health | grep -q \"healthy\"; then\n              break\n          fi\n          echo \"Waiting... ($i/60)\"\n          sleep 5\n      done\n\n      # Verify setup\n      WHISPER_OK=$(curl -s http://localhost:8000/health | grep -q \"healthy\" \u0026\u0026 echo \"yes\" || echo \"no\")\n      OLLAMA_OK=$(curl -s http://localhost:11434/api/tags | grep -q \"qwen2.5:3b\" \u0026\u0026 echo \"yes\" || echo \"no\")\n\n      if [ \"$WHISPER_OK\" = \"yes\" ] \u0026\u0026 [ \"$OLLAMA_OK\" = \"yes\" ]; then\n          touch \"$SETUP_COMPLETE\"\n          chown ai:ai \"$SETUP_COMPLETE\"\n\n          echo \"\"\n          echo \"==========================================\"\n          echo \"SETUP COMPLETE!\"\n          echo \"==========================================\"\n          echo \"\"\n          echo \"AI Services: https://ai.internal.prakash.com.br\"\n          echo \"\"\n          echo \"Endpoints:\"\n          echo \"  - Transcription: POST https://ai.internal.prakash.com.br/transcribe\"\n          echo \"  - Generate:      POST https://ai.internal.prakash.com.br/generate\"\n          echo \"  - Chat:          POST https://ai.internal.prakash.com.br/v1/chat/completions\"\n          echo \"  - Health:        GET  https://ai.internal.prakash.com.br/health\"\n          echo \"\"\n          echo \"Status:\"\n          echo \"  - Whisper API: $WHISPER_OK\"\n          echo \"  - Ollama:      $OLLAMA_OK\"\n          echo \"\"\n\n          # Disable setup service\n          systemctl disable ai-setup.service\n      else\n          echo \"ERROR: Some services failed to start\"\n          echo \"  - Whisper API: $WHISPER_OK\"\n          echo \"  - Ollama: $OLLAMA_OK\"\n          docker compose logs\n          exit 1\n      fi\n\n  # Systemd service for setup (runs once on first boot)\n  - path: /etc/systemd/system/ai-setup.service\n    permissions: \"0644\"\n    content: |\n      [Unit]\n      Description=AI Services Docker Setup\n      After=network-online.target docker.service\n      Wants=network-online.target\n      Requires=docker.service\n\n      [Service]\n      Type=oneshot\n      ExecStart=/opt/ai/setup.sh\n      RemainAfterExit=yes\n      StandardOutput=journal+console\n      StandardError=journal+console\n\n      [Install]\n      WantedBy=multi-user.target\n\n  # Promtail configuration for shipping logs to Loki\n  - path: /etc/promtail/config.yaml\n    permissions: \"0644\"\n    content: |\n      server:\n        http_listen_port: 9080\n        grpc_listen_port: 0\n\n      positions:\n        filename: /var/lib/promtail/positions.yaml\n\n      clients:\n        - url: http://192.168.20.11:31100/loki/api/v1/push\n\n      scrape_configs:\n        # Scrape Docker container logs\n        - job_name: docker\n          docker_sd_configs:\n            - host: unix:///var/run/docker.sock\n              refresh_interval: 5s\n          relabel_configs:\n            - target_label: job\n              replacement: docker\n            - source_labels: ['__meta_docker_container_name']\n              regex: '/(.+)'\n              target_label: container\n            - source_labels: ['__meta_docker_container_name']\n              regex: '/(whisper-api|ollama|watchtower)'\n              action: keep\n            - source_labels: ['__meta_docker_container_label_com_docker_compose_service']\n              target_label: compose_service\n            - source_labels: ['__meta_docker_container_label_com_docker_compose_project']\n              target_label: compose_project\n            - source_labels: ['__meta_docker_container_label_com_docker_compose_service']\n              target_label: service_name\n            - source_labels: ['__meta_docker_container_id']\n              target_label: __path__\n              replacement: /var/lib/docker/containers/$1/$1-json.log\n            - action: labelkeep\n              regex: '^(job|container|compose_service|compose_project|service_name)$'\n          pipeline_stages:\n            - json:\n                expressions:\n                  log: log\n                  stream: stream\n                  time: time\n            - output:\n                source: log\n\n        - job_name: system\n          journal:\n            max_age: 12h\n            labels:\n              job: system\n              host: ai-gpu\n          relabel_configs:\n            - source_labels: ['__journal__systemd_unit']\n              regex: '(sshd|systemd-.*|nvidia-.*|docker.*)\\.service'\n              action: keep\n            - source_labels: ['__journal__systemd_unit']\n              target_label: unit\n            - source_labels: ['__journal_priority_keyword']\n              target_label: level\n\n  # Systemd service for Promtail\n  - path: /etc/systemd/system/promtail.service\n    permissions: \"0644\"\n    content: |\n      [Unit]\n      Description=Promtail Log Collector\n      After=network-online.target docker.service\n      Wants=network-online.target\n\n      [Service]\n      Type=simple\n      User=root\n      ExecStart=/usr/local/bin/promtail -config.file=/etc/promtail/config.yaml\n      Restart=always\n      RestartSec=10\n\n      [Install]\n      WantedBy=multi-user.target\n\n  # Promtail installation script\n  - path: /opt/ai/install-promtail.sh\n    permissions: \"0755\"\n    content: |\n      #!/bin/bash\n      set -e\n\n      PROMTAIL_VERSION=\"3.6.3\"\n      ARCH=\"amd64\"\n\n      echo \"Installing Promtail ${PROMTAIL_VERSION}...\"\n\n      cd /tmp\n      wget -q \"https://github.com/grafana/loki/releases/download/v${PROMTAIL_VERSION}/promtail-linux-${ARCH}.zip\"\n      unzip -o \"promtail-linux-${ARCH}.zip\"\n      chmod +x \"promtail-linux-${ARCH}\"\n      mv \"promtail-linux-${ARCH}\" /usr/local/bin/promtail\n      rm -f \"promtail-linux-${ARCH}.zip\"\n\n      mkdir -p /var/lib/promtail\n      mkdir -p /etc/promtail\n\n      systemctl daemon-reload\n      systemctl enable promtail\n      systemctl start promtail\n\n      echo \"Promtail installed and started!\"\n\nruncmd:\n  - mkdir -p /opt/ai\n  - chown -R ai:ai /opt/ai\n  - echo \"AI services cloud-init started at $(date)\" \u003e\u003e /var/log/ai-setup.log\n\n  # Install Docker CE from official repository\n  - install -m 0755 -d /etc/apt/keyrings\n  - curl -fsSL https://download.docker.com/linux/debian/gpg -o /etc/apt/keyrings/docker.asc\n  - chmod a+r /etc/apt/keyrings/docker.asc\n  - |\n    echo \"deb [arch=$(dpkg --print-architecture) signed-by=/etc/apt/keyrings/docker.asc] https://download.docker.com/linux/debian $(. /etc/os-release \u0026\u0026 echo $VERSION_CODENAME) stable\" | tee /etc/apt/sources.list.d/docker.list \u003e /dev/null\n  - apt-get update\n  - apt-get install -y docker-ce docker-ce-cli containerd.io docker-buildx-plugin docker-compose-plugin\n  - usermod -aG docker ai\n  - systemctl enable docker\n  - systemctl start docker\n\n  # Create letsencrypt directories\n  - mkdir -p /etc/letsencrypt/renewal-hooks/deploy\n\n  # Get Let's Encrypt certificate\n  - |\n    certbot certonly \\\n      --dns-cloudflare \\\n      --dns-cloudflare-credentials /etc/letsencrypt/cloudflare.ini \\\n      -d ai.internal.prakash.com.br \\\n      --non-interactive \\\n      --agree-tos \\\n      -m contato@prakash.com.br\n  - systemctl reload nginx\n\n  # Configure nginx\n  - rm -f /etc/nginx/sites-enabled/default\n  - ln -sf /etc/nginx/sites-available/ai /etc/nginx/sites-enabled/ai\n  - systemctl enable nginx\n  - systemctl start nginx\n\n  # Install Promtail for log shipping\n  - /opt/ai/install-promtail.sh\n\n  # Enable and start setup service\n  - systemctl daemon-reload\n  - systemctl enable ai-setup.service\n  - systemctl start ai-setup.service\n",
                "file_name": "ai-cloud-init.yaml",
                "resize": 0
              }
            ],
            "timeout_upload": 1800
          },
          "sensitive_attributes": [
            [
              {
                "type": "get_attr",
                "value": "source_raw"
              },
              {
                "type": "index",
                "value": {
                  "value": 0,
                  "type": "number"
                }
              },
              {
                "type": "get_attr",
                "value": "data"
              }
            ]
          ],
          "identity_schema_version": 0,
          "private": "bnVsbA=="
        }
      ]
    },
    {
      "mode": "managed",
      "type": "proxmox_virtual_environment_file",
      "name": "gh_runners_cloud_init",
      "provider": "provider[\"registry.terraform.io/bpg/proxmox\"]",
      "instances": [
        {
          "schema_version": 0,
          "attributes": {
            "content_type": "snippets",
            "datastore_id": "local",
            "file_mode": null,
            "file_modification_date": null,
            "file_name": "gh-runners-cloud-init.yaml",
            "file_size": null,
            "file_tag": null,
            "id": "local:snippets/gh-runners-cloud-init.yaml",
            "node_name": "server",
            "overwrite": true,
            "source_file": [],
            "source_raw": [
              {
                "data": "#cloud-config\n# Minimal OS prep only.\n# Full runner installation is handled by bootstrap/gh-runners/setup.sh (runs locally).\n\nhostname: gh-runners\nmanage_etc_hosts: true\n\npackage_update: true\npackage_upgrade: false\n\npackages:\n  - curl\n  - ca-certificates\n  - gnupg\n",
                "file_name": "gh-runners-cloud-init.yaml",
                "resize": 0
              }
            ],
            "timeout_upload": 1800
          },
          "sensitive_attributes": [],
          "identity_schema_version": 0,
          "private": "bnVsbA=="
        }
      ]
    },
    {
      "mode": "managed",
      "type": "proxmox_virtual_environment_file",
      "name": "infisical_cloud_init",
      "provider": "provider[\"registry.terraform.io/bpg/proxmox\"]",
      "instances": [
        {
          "schema_version": 0,
          "attributes": {
            "content_type": "snippets",
            "datastore_id": "local",
            "file_mode": null,
            "file_modification_date": null,
            "file_name": "infisical-cloud-init.yaml",
            "file_size": null,
            "file_tag": null,
            "id": "local:snippets/infisical-cloud-init.yaml",
            "node_name": "server",
            "overwrite": true,
            "source_file": [],
            "source_raw": [
              {
                "data": "#cloud-config\n\n# Set hostname early (before packages install)\nhostname: infisical\nmanage_etc_hosts: true\n\npackage_update: true\npackage_upgrade: true\n\npackages:\n  - ca-certificates\n  - curl\n  - gnupg\n  - avahi-daemon\n\nwrite_files:\n  - path: /opt/infisical/docker-compose.yml\n    permissions: '0644'\n    content: |\n      version: \"3.9\"\n\n      services:\n        redis:\n          image: redis:7-alpine\n          container_name: infisical-redis\n          restart: unless-stopped\n          volumes:\n            - redis_data:/data\n          healthcheck:\n            test: [\"CMD\", \"redis-cli\", \"ping\"]\n            interval: 10s\n            timeout: 5s\n            retries: 5\n\n        infisical:\n          image: infisical/infisical:latest\n          container_name: infisical\n          restart: unless-stopped\n          ports:\n            - \"8080:8080\"\n          environment:\n            - NODE_ENV=production\n            - ENCRYPTION_KEY=34d19614f7de46fec34763e98cb1648d\n            - AUTH_SECRET=+tXmLH8ByVq0x2YyAPg7jB4OHW6n9HsmL8ZJIkoPvbw=\n            - DB_CONNECTION_URI=postgres://infisical:laEBe7ZLvNPBADCvYH9ei4mQz3ZVk%2FWN@192.168.20.21:5432/infisical\n            - REDIS_URL=redis://redis:6379\n            - SITE_URL=https://192.168.20.22:8443\n            - TELEMETRY_ENABLED=false\n          depends_on:\n            redis:\n              condition: service_healthy\n          healthcheck:\n            test: [\"CMD\", \"curl\", \"-f\", \"http://localhost:8080/api/status\"]\n            interval: 30s\n            timeout: 10s\n            retries: 5\n\n        nginx:\n          image: nginx:alpine\n          container_name: infisical-nginx\n          restart: unless-stopped\n          ports:\n            - \"443:443\"\n          volumes:\n            - ./nginx.conf:/etc/nginx/nginx.conf:ro\n            - ./certs:/etc/nginx/certs:ro\n          depends_on:\n            - infisical\n          healthcheck:\n            test: [\"CMD\", \"wget\", \"-q\", \"--spider\", \"http://localhost:80/health\"]\n            interval: 30s\n            timeout: 10s\n            retries: 3\n\n      volumes:\n        redis_data:\n\n      networks:\n        default:\n          name: infisical-network\n\n  - path: /opt/infisical/.env\n    permissions: '0600'\n    content: |\n      # Infisical environment - managed by Terraform\n      ENCRYPTION_KEY=34d19614f7de46fec34763e98cb1648d\n      AUTH_SECRET=+tXmLH8ByVq0x2YyAPg7jB4OHW6n9HsmL8ZJIkoPvbw=\n      POSTGRES_HOST=192.168.20.21\n      POSTGRES_PORT=5432\n      POSTGRES_DB=infisical\n      POSTGRES_USER=infisical\n      POSTGRES_PASSWORD=laEBe7ZLvNPBADCvYH9ei4mQz3ZVk/WN\n\n  - path: /opt/infisical/nginx.conf\n    permissions: '0644'\n    content: |\n      events {\n          worker_connections 1024;\n      }\n\n      http {\n          upstream infisical {\n              server infisical:8080;\n          }\n\n          server {\n              listen 80;\n              location /health {\n                  return 200 'ok';\n                  add_header Content-Type text/plain;\n              }\n              location / {\n                  return 301 https://$host$request_uri;\n              }\n          }\n\n          server {\n              listen 443 ssl;\n              server_name infisical.local;\n\n              ssl_certificate /etc/nginx/certs/cert.pem;\n              ssl_certificate_key /etc/nginx/certs/key.pem;\n              ssl_protocols TLSv1.2 TLSv1.3;\n              ssl_ciphers HIGH:!aNULL:!MD5;\n\n              location / {\n                  proxy_pass http://infisical;\n                  proxy_set_header Host $host;\n                  proxy_set_header X-Real-IP $remote_addr;\n                  proxy_set_header X-Forwarded-For $proxy_add_x_forwarded_for;\n                  proxy_set_header X-Forwarded-Proto $scheme;\n\n                  # WebSocket support\n                  proxy_http_version 1.1;\n                  proxy_set_header Upgrade $http_upgrade;\n                  proxy_set_header Connection \"upgrade\";\n              }\n          }\n      }\n\n  - path: /etc/systemd/system/infisical.service\n    permissions: '0644'\n    content: |\n      [Unit]\n      Description=Infisical Secret Management\n      Requires=docker.service\n      After=docker.service\n\n      [Service]\n      Type=oneshot\n      RemainAfterExit=yes\n      WorkingDirectory=/opt/infisical\n      ExecStart=/usr/bin/docker compose up -d\n      ExecStop=/usr/bin/docker compose down\n\n      [Install]\n      WantedBy=multi-user.target\n\n  - path: /opt/infisical/certs/cert.pem\n    permissions: '0644'\n    content: |\n      -----BEGIN CERTIFICATE-----\n      MIIElDCCAvygAwIBAgIRAPRhVyAQwX8KazirE3Zrzc0wDQYJKoZIhvcNAQELBQAw\n      gakxHjAcBgNVBAoTFW1rY2VydCBkZXZlbG9wbWVudCBDQTE/MD0GA1UECww2cHJh\n      a2FzaEBNYWNCb29rLVByby1NMy1kZS1QcmFrYXNoLmxvY2FsIChQcmFrYXNoIFBy\n      ZW0pMUYwRAYDVQQDDD1ta2NlcnQgcHJha2FzaEBNYWNCb29rLVByby1NMy1kZS1Q\n      cmFrYXNoLmxvY2FsIChQcmFrYXNoIFByZW0pMB4XDTI2MDExMDE2NDEyOFoXDTI4\n      MDQxMDE2NDEyOFowajEnMCUGA1UEChMebWtjZXJ0IGRldmVsb3BtZW50IGNlcnRp\n      ZmljYXRlMT8wPQYDVQQLDDZwcmFrYXNoQE1hY0Jvb2stUHJvLU0zLWRlLVByYWth\n      c2gubG9jYWwgKFByYWthc2ggUHJlbSkwggEiMA0GCSqGSIb3DQEBAQUAA4IBDwAw\n      ggEKAoIBAQCukN/HYCeZp2W7MRhHZNaiWlzvYm85hkdkXXCspwOcCGOupDAUKIlO\n      ygVxueXJQQE0X4G3TmWFePldRMyhPQSzN9q/R6WC5+omvWHe5mnRx4zqauwNrEF9\n      ELgwVaqzKVpyQHo556KgfrEbMSO7cVdSQuPmIGA9+AHQbc9f2Z3z17sntTTbvNaX\n      668Zjl5K/h5eqAZHrdNc2VHtUTVEqdtPW5t8ySZ6Zxqq4SrEavMSX8HfI3FBe4u0\n      8R28Ivr6a09qbXlDfgdq+blRcMYnK2eeAmKFgB2woOW7wj/TCMzTm95TIHXrhwep\n      t88rzLVUm6TcP3s2MaMMTSqLEXP/wGXPAgMBAAGjdTBzMA4GA1UdDwEB/wQEAwIF\n      oDATBgNVHSUEDDAKBggrBgEFBQcDATAfBgNVHSMEGDAWgBTBE5p1B2rilKWfz3pV\n      699bwgJ/ADArBgNVHREEJDAigg9pbmZpc2ljYWwubG9jYWyCCWxvY2FsaG9zdIcE\n      wKgUFjANBgkqhkiG9w0BAQsFAAOCAYEAAgaDIpHFZGHpDe+lfW2N6/rV+S4BjMqK\n      pio83jQc6pwrsrHRj4aGI/IxywsPBr7jIm5W8Mcpk7Hn4+aaiJap6agyqKrvCKiz\n      SsCVVuz/9UR0LDqJ+AxscgFaC/3q3bNTJ4FxP3KimsItoB6vEuKQ0n67jLuNcZQo\n      yfReZxppdi7PX1CG4dqMKDxRMV62GOiTU4c8Puqbvjg3pSF9nM9j7/hV5mbxh0UB\n      2wwIab2+x1uEHEP8ESM7RWKm92RbLg+kVOnoWigfn2/wITS+Kf6k2vV/TXSQJyrL\n      Rdk9M0YSa9gO68GC3KTwu7qVHjfoxOXo51nuZsEZi9mWMYaghSa0c2ptm66Bb7f+\n      u+l2SNPBqmMWzW6Au6PFmM8AbEfynrTNpPM+aEiep4psb8UxRjlmoonzmauHFS5c\n      imbrDfOzT+WH+C9wZDrEPxwewWvpv9C/qAuN72QoinebBb0rKrPqutDoPJ7dKQtH\n      uw7wfPhQQ8gYY8tPXQ+3TEtKkvSZuUzb\n      -----END CERTIFICATE-----\n      \n\n  - path: /opt/infisical/certs/key.pem\n    permissions: '0600'\n    content: |\n      -----BEGIN PRIVATE KEY-----\n      MIIEvgIBADANBgkqhkiG9w0BAQEFAASCBKgwggSkAgEAAoIBAQCukN/HYCeZp2W7\n      MRhHZNaiWlzvYm85hkdkXXCspwOcCGOupDAUKIlOygVxueXJQQE0X4G3TmWFePld\n      RMyhPQSzN9q/R6WC5+omvWHe5mnRx4zqauwNrEF9ELgwVaqzKVpyQHo556KgfrEb\n      MSO7cVdSQuPmIGA9+AHQbc9f2Z3z17sntTTbvNaX668Zjl5K/h5eqAZHrdNc2VHt\n      UTVEqdtPW5t8ySZ6Zxqq4SrEavMSX8HfI3FBe4u08R28Ivr6a09qbXlDfgdq+blR\n      cMYnK2eeAmKFgB2woOW7wj/TCMzTm95TIHXrhwept88rzLVUm6TcP3s2MaMMTSqL\n      EXP/wGXPAgMBAAECggEAAdXx0ZW96TrsyWbh8u76oEu4Pqd6nZZWiyFgyPRhB8rv\n      4iV0DFgJ4CfHhw8XTuI32AZVFyap/hkO8Ssl9NR6zVryYAl7TF3vELOXI0Cpl6uc\n      6AVyMGaesgvnazn58aiPwqhdSWj2ojX7leYSqdl/6gi5fytk5j8EyAwPkwiOXMLk\n      MJOvcGqJ0gJtqO8+SINtEq+U1Qmti++fSchZvxrXgvpvqYWFsuBEFK8BbbnuBkB9\n      3+LPYV/dhUqIBhhwPJqemKo+UQPY0tkpka2aRoiTUuEnqs8LhD66RA8LSIUsLFsV\n      07OniGx4F20Sp+R1Q0GUvBUnSA1gYW54DOoR9h+GGQKBgQDjwNJORDrdkYq6Y4FY\n      atE7+KTx7wBDWCTTL36nJQBqfDhtVcdIJtD17NIFv1hPzXv1XaygoURQRoq5WZXo\n      mbE/Y6pQmWQjnXjpy8YYgi2MzrVChO0RNhDFGMelHBRF054IYi6UjwNxy/UJxSuI\n      MQst64Xe4/0c/sVGbRHdUu7KswKBgQDEN1pM+XHyM+hjvh+vAwf+aywEafsMDxOs\n      UFf7KYpHl7Cz/j9hb+5265S5s46pR6t1pcf/QmH9CUcBYP6uX4fgI1s50wB0WCmQ\n      +W3pdzkSBXUJ/6JtfVe2g34kJWDNWKxaBZntWp9Jc/hdgflBPHE7ZWdIVGRhwV70\n      DHYg/LQ2dQKBgH22/p8DHHcXEjtmF4yFka8HxYxhv4Rs0A7eRYvfacZdgQwg8BpM\n      isVkjl1rzERoiUbcCSC1Q68H8ST0ZUH6LBNwYR+SO+tIzehHebYnjRsPMpBgLTd1\n      33XcAr+Jq0sLz0yTXWDVPDKBQWW+NxQ69g/H1KI+uIVbv+rq45SGZZbvAoGBAKRL\n      YN4RA9r0ocJaoLbvB9N9M2ciwmWPfj6LK5APcUyO9BNScQmKKpcCnQ59DZgqfaPN\n      w0+16sxv5zd9WuLw9Jm1oR4i0j+Yzn0ojWKuRGgVj7Fmjj+1cytMoONtNMfcVrwt\n      8nwupC9h3nWVbfq0vG8qcje7Ci5cNsCMaqEmV1M9AoGBALNNB2VWkppOvhkLqslp\n      CafOEeG3nlGyBDwJnFBB2GDSANWuhXVEFd4yQwQVzreNnqGRgI8FE+bZWN3UuUDf\n      LcucvXnjkqz1GhTAHcysBQAk5WvYQw4q38/FU3/jkbWb9RoIDFI79q5CSqM3QYIJ\n      vV0zti7tCdj4t4c2YGgIsaQs\n      -----END PRIVATE KEY-----\n      \n\nruncmd:\n  # Ensure avahi is enabled (hostname already set via cloud-init)\n  - systemctl enable avahi-daemon\n  - systemctl restart avahi-daemon\n\n  # Install Docker\n  - install -m 0755 -d /etc/apt/keyrings\n  - curl -fsSL https://download.docker.com/linux/debian/gpg -o /etc/apt/keyrings/docker.asc\n  - chmod a+r /etc/apt/keyrings/docker.asc\n  - echo \"deb [arch=$(dpkg --print-architecture) signed-by=/etc/apt/keyrings/docker.asc] https://download.docker.com/linux/debian $(. /etc/os-release \u0026\u0026 echo \"$VERSION_CODENAME\") stable\" | tee /etc/apt/sources.list.d/docker.list \u003e /dev/null\n  - apt-get update\n  - apt-get install -y docker-ce docker-ce-cli containerd.io docker-buildx-plugin docker-compose-plugin\n\n  # Add deployer user to docker group\n  - usermod -aG docker deployer\n\n  # Enable and start Docker\n  - systemctl enable docker\n  - systemctl start docker\n\n  # Wait for Docker to be ready\n  - sleep 10\n\n  # Enable and start Infisical\n  - systemctl daemon-reload\n  - systemctl enable infisical\n  - systemctl start infisical\n\nfinal_message: \"Infisical server is ready! Access at https://$INSTANCE_IP:8443\"\n",
                "file_name": "infisical-cloud-init.yaml",
                "resize": 0
              }
            ],
            "timeout_upload": 1800
          },
          "sensitive_attributes": [
            [
              {
                "type": "get_attr",
                "value": "source_raw"
              },
              {
                "type": "index",
                "value": {
                  "value": 0,
                  "type": "number"
                }
              },
              {
                "type": "get_attr",
                "value": "data"
              }
            ]
          ],
          "identity_schema_version": 0,
          "private": "bnVsbA=="
        }
      ]
    },
    {
      "mode": "managed",
      "type": "proxmox_virtual_environment_file",
      "name": "media_cloud_init",
      "provider": "provider[\"registry.terraform.io/bpg/proxmox\"]",
      "instances": [
        {
          "schema_version": 0,
          "attributes": {
            "content_type": "snippets",
            "datastore_id": "local",
            "file_mode": null,
            "file_modification_date": null,
            "file_name": "media-cloud-init.yaml",
            "file_size": null,
            "file_tag": null,
            "id": "local:snippets/media-cloud-init.yaml",
            "node_name": "server",
            "overwrite": true,
            "source_file": [],
            "source_raw": [
              {
                "data": "#cloud-config\n\n# Media server for home movie/TV playback and torrent downloads\nhostname: media-server\nmanage_etc_hosts: true\n\npackage_update: true\npackage_upgrade: true\n\npackages:\n  - ca-certificates\n  - curl\n  - gnupg\n\nwrite_files:\n  - path: /opt/media-stack/.env\n    permissions: '0600'\n    content: |\n      TIMEZONE=UTC\n      PUID=1000\n      PGID=1000\n\n  - path: /opt/media-stack/docker-compose.yml\n    permissions: '0644'\n    content: |\n      services:\n        prowlarr:\n          image: lscr.io/linuxserver/prowlarr:latest\n          container_name: prowlarr\n          restart: unless-stopped\n          environment:\n            - PUID=1000\n            - PGID=1000\n            - TZ=UTC\n          volumes:\n            - prowlarr-config:/config\n          expose:\n            - \"9696\"\n\n        bazarr:\n          image: lscr.io/linuxserver/bazarr:latest\n          container_name: bazarr\n          restart: unless-stopped\n          environment:\n            - PUID=1000\n            - PGID=1000\n            - TZ=UTC\n          volumes:\n            - bazarr-config:/config\n            - /srv/media:/media\n          expose:\n            - \"6767\"\n\n        qbittorrent:\n          image: lscr.io/linuxserver/qbittorrent:latest\n          container_name: qbittorrent\n          restart: unless-stopped\n          environment:\n            - PUID=1000\n            - PGID=1000\n            - TZ=UTC\n            - WEBUI_PORT=8080\n          volumes:\n            - qbittorrent-config:/config\n            - /srv/downloads:/downloads\n            - /srv/media:/media\n          expose:\n            - \"8080\"\n\n        radarr:\n          image: lscr.io/linuxserver/radarr:latest\n          container_name: radarr\n          restart: unless-stopped\n          environment:\n            - PUID=1000\n            - PGID=1000\n            - TZ=UTC\n          volumes:\n            - radarr-config:/config\n            - /srv/media:/media\n            - /srv/downloads:/downloads\n          expose:\n            - \"7878\"\n\n        sonarr:\n          image: lscr.io/linuxserver/sonarr:latest\n          container_name: sonarr\n          restart: unless-stopped\n          environment:\n            - PUID=1000\n            - PGID=1000\n            - TZ=UTC\n          volumes:\n            - sonarr-config:/config\n            - /srv/media:/media\n            - /srv/downloads:/downloads\n          expose:\n            - \"8989\"\n\n        jellyfin:\n          image: lscr.io/linuxserver/jellyfin:latest\n          container_name: jellyfin\n          restart: unless-stopped\n          environment:\n            - PUID=1000\n            - PGID=1000\n            - TZ=UTC\n          volumes:\n            - jellyfin-config:/config\n            - /srv/media/movies:/media/movies\n            - /srv/media/tv:/media/tv\n          expose:\n            - \"8096\"\n\n        nginx:\n          image: nginx:alpine\n          container_name: media-nginx\n          restart: unless-stopped\n          ports:\n            - \"80:80\"\n          volumes:\n            - /opt/media-stack/nginx.conf:/etc/nginx/nginx.conf:ro\n          depends_on:\n            - jellyfin\n            - qbittorrent\n            - radarr\n            - sonarr\n            - prowlarr\n            - bazarr\n\n      volumes:\n        prowlarr-config:\n        bazarr-config:\n        qbittorrent-config:\n        radarr-config:\n        sonarr-config:\n        jellyfin-config:\n\n  - path: /opt/media-stack/nginx.conf\n    permissions: '0644'\n    content: |\n      events {\n        worker_connections 1024;\n      }\n\n      http {\n        server {\n          listen 80;\n          server_name jellyfin.internal.prakash.com.br;\n\n          location / {\n            proxy_pass http://jellyfin:8096;\n            proxy_set_header Host $host;\n            proxy_set_header X-Real-IP $remote_addr;\n            proxy_set_header X-Forwarded-For $proxy_add_x_forwarded_for;\n            proxy_set_header X-Forwarded-Proto $scheme;\n          }\n        }\n\n        server {\n          listen 80;\n          server_name torrent.internal.prakash.com.br;\n\n          location / {\n            proxy_pass http://qbittorrent:8080;\n            proxy_set_header Host $host;\n            proxy_set_header X-Real-IP $remote_addr;\n            proxy_set_header X-Forwarded-For $proxy_add_x_forwarded_for;\n            proxy_set_header X-Forwarded-Proto $scheme;\n          }\n        }\n\n        server {\n          listen 80;\n          server_name radarr.internal.prakash.com.br;\n\n          location / {\n            proxy_pass http://radarr:7878;\n            proxy_set_header Host $host;\n            proxy_set_header X-Real-IP $remote_addr;\n            proxy_set_header X-Forwarded-For $proxy_add_x_forwarded_for;\n            proxy_set_header X-Forwarded-Proto $scheme;\n          }\n        }\n\n        server {\n          listen 80;\n          server_name sonarr.internal.prakash.com.br;\n\n          location / {\n            proxy_pass http://sonarr:8989;\n            proxy_set_header Host $host;\n            proxy_set_header X-Real-IP $remote_addr;\n            proxy_set_header X-Forwarded-For $proxy_add_x_forwarded_for;\n            proxy_set_header X-Forwarded-Proto $scheme;\n          }\n        }\n\n        server {\n          listen 80;\n          server_name prowlarr.internal.prakash.com.br;\n\n          location / {\n            proxy_pass http://prowlarr:9696;\n            proxy_set_header Host $host;\n            proxy_set_header X-Real-IP $remote_addr;\n            proxy_set_header X-Forwarded-For $proxy_add_x_forwarded_for;\n            proxy_set_header X-Forwarded-Proto $scheme;\n          }\n        }\n\n        server {\n          listen 80;\n          server_name bazarr.internal.prakash.com.br;\n\n          location / {\n            proxy_pass http://bazarr:6767;\n            proxy_set_header Host $host;\n            proxy_set_header X-Real-IP $remote_addr;\n            proxy_set_header X-Forwarded-For $proxy_add_x_forwarded_for;\n            proxy_set_header X-Forwarded-Proto $scheme;\n          }\n        }\n      }\n\n  - path: /etc/systemd/system/media-stack.service\n    permissions: '0644'\n    content: |\n      [Unit]\n      Description=Media stack (Jellyfin + qBittorrent + Radarr + Sonarr)\n      Requires=docker.service\n      After=docker.service\n\n      [Service]\n      Type=oneshot\n      WorkingDirectory=/opt/media-stack\n      ExecStart=/usr/bin/docker compose up -d\n      ExecStop=/usr/bin/docker compose down\n      RemainAfterExit=yes\n\n      [Install]\n      WantedBy=multi-user.target\n\n  - path: /opt/media-stack/restart-stack.sh\n    permissions: '0755'\n    content: |\n      #!/usr/bin/env bash\n      set -euo pipefail\n      cd /opt/media-stack\n      /usr/bin/docker compose pull\n      /usr/bin/docker compose up -d\n\nruncmd:\n  - install -m 0755 -d /etc/apt/keyrings\n  - curl -fsSL https://download.docker.com/linux/debian/gpg -o /etc/apt/keyrings/docker.asc\n  - chmod a+r /etc/apt/keyrings/docker.asc\n  - echo \"deb [arch=$(dpkg --print-architecture) signed-by=/etc/apt/keyrings/docker.asc] https://download.docker.com/linux/debian $(. /etc/os-release \u0026\u0026 echo \"$VERSION_CODENAME\") stable\" | tee /etc/apt/sources.list.d/docker.list \u003e /dev/null\n  - apt-get update\n  - apt-get install -y docker-ce docker-ce-cli containerd.io docker-buildx-plugin docker-compose-plugin\n\n  - usermod -aG docker deployer\n\n  - systemctl enable docker\n  - systemctl start docker\n\n  - mkdir -p /opt/media-stack\n  - mkdir -p /srv/media/movies /srv/media/tv\n  - mkdir -p /srv/downloads/incomplete /srv/downloads/complete\n  - chown -R 1000:1000 /srv/media /srv/downloads\n  - chmod -R 775 /srv/media /srv/downloads\n  - /opt/media-stack/restart-stack.sh\n\n  - systemctl daemon-reload\n  - systemctl enable media-stack\n  - systemctl start media-stack\n\nfinal_message: \"Media server is ready. Jellyfin: http://\u003cmedia-server-ip\u003e:8096, qBittorrent: http://\u003cmedia-server-ip\u003e:8080, Radarr: http://\u003cmedia-server-ip\u003e:7878, Sonarr: http://\u003cmedia-server-ip\u003e:8989\"\n",
                "file_name": "media-cloud-init.yaml",
                "resize": 0
              }
            ],
            "timeout_upload": 1800
          },
          "sensitive_attributes": [],
          "identity_schema_version": 0,
          "private": "bnVsbA=="
        }
      ]
    },
    {
      "mode": "managed",
      "type": "proxmox_virtual_environment_file",
      "name": "postgres_cloud_init",
      "provider": "provider[\"registry.terraform.io/bpg/proxmox\"]",
      "instances": [
        {
          "schema_version": 0,
          "attributes": {
            "content_type": "snippets",
            "datastore_id": "local",
            "file_mode": null,
            "file_modification_date": null,
            "file_name": "postgres-cloud-init.yaml",
            "file_size": null,
            "file_tag": null,
            "id": "local:snippets/postgres-cloud-init.yaml",
            "node_name": "server",
            "overwrite": true,
            "source_file": [],
            "source_raw": [
              {
                "data": "#cloud-config\n\n# Set hostname early (before packages install)\nhostname: pg\nmanage_etc_hosts: true\n\npackage_update: true\npackage_upgrade: true\n\npackages:\n  - wget\n  - ca-certificates\n  - gnupg\n  - lsb-release\n  - avahi-daemon\n\nwrite_files:\n  - path: /etc/apt/keyrings/.placeholder\n    permissions: '0644'\n    content: |\n      # Placeholder for keyrings directory\n\nruncmd:\n  # Ensure avahi is enabled (hostname already set via cloud-init)\n  - systemctl enable avahi-daemon\n  - systemctl restart avahi-daemon\n\n  # Setup data disk for PostgreSQL (/dev/sdb -\u003e /data)\n  - |\n    if [ -b /dev/sdb ] \u0026\u0026 ! blkid /dev/sdb; then\n      echo \"Formatting data disk...\"\n      mkfs.ext4 -L pgdata /dev/sdb\n    fi\n  - mkdir -p /data\n  - |\n    if ! grep -q '/data' /etc/fstab; then\n      echo 'LABEL=pgdata /data ext4 defaults,noatime 0 2' \u003e\u003e /etc/fstab\n    fi\n  - mount -a\n\n  # Add PostgreSQL official APT repository\n  - wget --quiet -O - https://www.postgresql.org/media/keys/ACCC4CF8.asc | gpg --dearmor -o /etc/apt/keyrings/postgresql.gpg\n  - chmod 644 /etc/apt/keyrings/postgresql.gpg\n  - echo \"deb [signed-by=/etc/apt/keyrings/postgresql.gpg] http://apt.postgresql.org/pub/repos/apt $(lsb_release -cs)-pgdg main\" | tee /etc/apt/sources.list.d/pgdg.list \u003e /dev/null\n\n  # Update and install PostgreSQL\n  - apt-get update\n  - apt-get install -y postgresql-17 postgresql-contrib-17\n\n  # Stop PostgreSQL to move data directory\n  - systemctl stop postgresql\n\n  # Move PostgreSQL data to /data if not already there\n  - |\n    if [ ! -d /data/postgresql ]; then\n      mkdir -p /data/postgresql\n      chown postgres:postgres /data/postgresql\n      chmod 700 /data/postgresql\n      # Move existing data\n      if [ -d /var/lib/postgresql/17/main ]; then\n        mv /var/lib/postgresql/17/main /data/postgresql/17_main\n      else\n        mkdir -p /data/postgresql/17_main\n        chown postgres:postgres /data/postgresql/17_main\n        chmod 700 /data/postgresql/17_main\n      fi\n    fi\n\n  # Update PostgreSQL config to use /data\n  - sed -i \"s|data_directory = '/var/lib/postgresql/17/main'|data_directory = '/data/postgresql/17_main'|\" /etc/postgresql/17/main/postgresql.conf\n\n  # Configure PostgreSQL to listen on all interfaces\n  - cp /etc/postgresql/17/main/postgresql.conf /etc/postgresql/17/main/postgresql.conf.bak\n  - sed -i \"s/#listen_addresses = 'localhost'/listen_addresses = '*'/\" /etc/postgresql/17/main/postgresql.conf\n\n  # Configure pg_hba.conf to allow connections from local network\n  - echo \"\" \u003e\u003e /etc/postgresql/17/main/pg_hba.conf\n  - echo \"# Allow connections from local network\" \u003e\u003e /etc/postgresql/17/main/pg_hba.conf\n  - echo \"host    all             all             192.168.20.0/24          md5\" \u003e\u003e /etc/postgresql/17/main/pg_hba.conf\n\n  # Initialize database if needed (new data disk)\n  - |\n    if [ ! -f /data/postgresql/17_main/PG_VERSION ]; then\n      sudo -u postgres /usr/lib/postgresql/17/bin/initdb -D /data/postgresql/17_main\n    fi\n\n  # Start PostgreSQL\n  - systemctl start postgresql\n  - systemctl enable postgresql\n\nfinal_message: \"PostgreSQL 17 server is ready at pg.local (data on /data)\"\n",
                "file_name": "postgres-cloud-init.yaml",
                "resize": 0
              }
            ],
            "timeout_upload": 1800
          },
          "sensitive_attributes": [],
          "identity_schema_version": 0,
          "private": "bnVsbA=="
        }
      ]
    },
    {
      "mode": "managed",
      "type": "proxmox_virtual_environment_vm",
      "name": "ai_gpu",
      "provider": "provider[\"registry.terraform.io/bpg/proxmox\"]",
      "instances": [
        {
          "schema_version": 0,
          "attributes": {
            "acpi": true,
            "agent": [],
            "amd_sev": [],
            "audio_device": [],
            "bios": "ovmf",
            "boot_order": [],
            "cdrom": [],
            "clone": [
              {
                "datastore_id": "",
                "full": true,
                "node_name": "server",
                "retries": 1,
                "vm_id": 9003
              }
            ],
            "cpu": [
              {
                "affinity": "",
                "architecture": "",
                "cores": 4,
                "flags": [],
                "hotplugged": 0,
                "limit": 0,
                "numa": false,
                "sockets": 1,
                "type": "host",
                "units": 0
              }
            ],
            "delete_unreferenced_disks_on_destroy": true,
            "description": "AI inference server (Whisper + Ollama) with GPU passthrough",
            "disk": [
              {
                "aio": "io_uring",
                "backup": true,
                "cache": "none",
                "datastore_id": "local-lvm",
                "discard": "ignore",
                "file_format": "raw",
                "file_id": "",
                "import_from": "",
                "interface": "scsi0",
                "iothread": false,
                "path_in_datastore": "vm-115-disk-1",
                "replicate": true,
                "serial": "",
                "size": 60,
                "speed": [],
                "ssd": false
              }
            ],
            "efi_disk": [
              {
                "datastore_id": "local-lvm",
                "file_format": "raw",
                "pre_enrolled_keys": false,
                "type": "4m"
              }
            ],
            "hook_script_file_id": null,
            "hostpci": [
              {
                "device": "hostpci0",
                "id": "",
                "mapping": "gpu-quadro-m4000",
                "mdev": "",
                "pcie": true,
                "rom_file": "",
                "rombar": true,
                "xvga": false
              }
            ],
            "id": "115",
            "initialization": [
              {
                "datastore_id": "local-lvm",
                "dns": [
                  {
                    "domain": "",
                    "servers": [
                      "1.1.1.1"
                    ]
                  }
                ],
                "file_format": "",
                "interface": "ide2",
                "ip_config": [
                  {
                    "ipv4": [
                      {
                        "address": "192.168.20.30/24",
                        "gateway": "192.168.20.1"
                      }
                    ],
                    "ipv6": []
                  }
                ],
                "meta_data_file_id": "",
                "network_data_file_id": "",
                "type": "",
                "user_account": [
                  {
                    "keys": [
                      "ssh-ed25519 AAAAC3NzaC1lZDI1NTE5AAAAIAhLzivPgJGOMkfj6Fg8WBbPvJIMLQHjpFTnXZVsncBg prakash2ji@gmail.com"
                    ],
                    "password": "**********",
                    "username": "deployer"
                  }
                ],
                "user_data_file_id": "local:snippets/ai-cloud-init.yaml",
                "vendor_data_file_id": ""
              }
            ],
            "ipv4_addresses": [
              [
                "127.0.0.1"
              ],
              [
                "192.168.20.30"
              ],
              [
                "172.18.0.1"
              ],
              [
                "172.17.0.1"
              ],
              [],
              [],
              []
            ],
            "ipv6_addresses": [
              [
                "::1"
              ],
              [
                "fdd5:945b:3322::43b",
                "fdd5:945b:3322:0:be24:11ff:fe92:db53",
                "fe80::be24:11ff:fe92:db53"
              ],
              [
                "fe80::68cb:64ff:fe9f:d750"
              ],
              [],
              [
                "fe80::a0de:80ff:fed4:b81a"
              ],
              [
                "fe80::3cf4:deff:fef9:b134"
              ],
              [
                "fe80::7424:ff:fead:a69d"
              ]
            ],
            "keyboard_layout": "en-us",
            "kvm_arguments": null,
            "mac_addresses": [
              "00:00:00:00:00:00",
              "BC:24:11:92:DB:53",
              "6A:CB:64:9F:D7:50",
              "72:26:A4:82:A9:71",
              "A2:DE:80:D4:B8:1A",
              "3E:F4:DE:F9:B1:34",
              "76:24:00:AD:A6:9D"
            ],
            "machine": "q35",
            "memory": [
              {
                "dedicated": 16384,
                "floating": 0,
                "hugepages": "",
                "keep_hugepages": false,
                "shared": 0
              }
            ],
            "migrate": false,
            "name": "ai-gpu",
            "network_device": [
              {
                "bridge": "vmbr0",
                "disconnected": false,
                "enabled": true,
                "firewall": false,
                "mac_address": "BC:24:11:92:DB:53",
                "model": "virtio",
                "mtu": 0,
                "queues": 0,
                "rate_limit": 0,
                "trunks": "",
                "vlan_id": 0
              }
            ],
            "network_interface_names": [
              "lo",
              "eth0",
              "br-8c768ba88784",
              "docker0",
              "vethdf10940",
              "veth3407332",
              "veth4bfda4b"
            ],
            "node_name": "server",
            "numa": [],
            "on_boot": true,
            "operating_system": [
              {
                "type": "l26"
              }
            ],
            "pool_id": "",
            "protection": false,
            "purge_on_destroy": true,
            "reboot": false,
            "reboot_after_update": true,
            "rng": [],
            "scsi_hardware": "virtio-scsi-single",
            "serial_device": [],
            "smbios": [],
            "started": true,
            "startup": [
              {
                "down_delay": 60,
                "order": 3,
                "up_delay": 120
              }
            ],
            "stop_on_destroy": false,
            "tablet_device": true,
            "tags": [
              "gpu",
              "ml",
              "ollama",
              "whisper"
            ],
            "template": false,
            "timeout_clone": 1800,
            "timeout_create": 1800,
            "timeout_migrate": 1800,
            "timeout_move_disk": 1800,
            "timeout_reboot": 1800,
            "timeout_shutdown_vm": 1800,
            "timeout_start_vm": 1800,
            "timeout_stop_vm": 300,
            "tpm_state": [],
            "usb": [],
            "vga": [
              {
                "clipboard": "",
                "memory": 16,
                "type": "serial0"
              }
            ],
            "virtiofs": [],
            "vm_id": 115,
            "watchdog": []
          },
          "sensitive_attributes": [
            [
              {
                "type": "get_attr",
                "value": "initialization"
              },
              {
                "type": "index",
                "value": {
                  "value": 0,
                  "type": "number"
                }
              },
              {
                "type": "get_attr",
                "value": "user_account"
              },
              {
                "type": "index",
                "value": {
                  "value": 0,
                  "type": "number"
                }
              },
              {
                "type": "get_attr",
                "value": "password"
              }
            ]
          ],
          "identity_schema_version": 0,
          "private": "bnVsbA==",
          "dependencies": [
            "proxmox_virtual_environment_file.ai_cloud_init"
          ]
        }
      ]
    },
    {
      "mode": "managed",
      "type": "proxmox_virtual_environment_vm",
      "name": "db_postgres",
      "provider": "provider[\"registry.terraform.io/bpg/proxmox\"]",
      "instances": [
        {
          "schema_version": 0,
          "attributes": {
            "acpi": true,
            "agent": [],
            "amd_sev": [],
            "audio_device": [],
            "bios": "ovmf",
            "boot_order": [],
            "cdrom": [],
            "clone": [
              {
                "datastore_id": "",
                "full": true,
                "node_name": "server",
                "retries": 1,
                "vm_id": 9001
              }
            ],
            "cpu": [
              {
                "affinity": "",
                "architecture": "",
                "cores": 4,
                "flags": [],
                "hotplugged": 0,
                "limit": 0,
                "numa": false,
                "sockets": 1,
                "type": "host",
                "units": 0
              }
            ],
            "delete_unreferenced_disks_on_destroy": true,
            "description": "Postgres database host",
            "disk": [
              {
                "aio": "io_uring",
                "backup": true,
                "cache": "none",
                "datastore_id": "local-lvm",
                "discard": "ignore",
                "file_format": "raw",
                "file_id": "",
                "import_from": "",
                "interface": "scsi0",
                "iothread": false,
                "path_in_datastore": "vm-113-disk-1",
                "replicate": true,
                "serial": "",
                "size": 20,
                "speed": [],
                "ssd": false
              },
              {
                "aio": "io_uring",
                "backup": true,
                "cache": "none",
                "datastore_id": "local-lvm",
                "discard": "ignore",
                "file_format": "raw",
                "file_id": "",
                "import_from": "",
                "interface": "scsi1",
                "iothread": false,
                "path_in_datastore": "vm-113-pgdata",
                "replicate": true,
                "serial": "",
                "size": 60,
                "speed": [],
                "ssd": false
              }
            ],
            "efi_disk": [],
            "hook_script_file_id": null,
            "hostpci": [],
            "id": "113",
            "initialization": [
              {
                "datastore_id": "local-lvm",
                "dns": [
                  {
                    "domain": "",
                    "servers": [
                      "1.1.1.1"
                    ]
                  }
                ],
                "file_format": "",
                "interface": "ide2",
                "ip_config": [
                  {
                    "ipv4": [
                      {
                        "address": "192.168.20.21/24",
                        "gateway": "192.168.20.1"
                      }
                    ],
                    "ipv6": []
                  }
                ],
                "meta_data_file_id": "",
                "network_data_file_id": "",
                "type": "",
                "user_account": [
                  {
                    "keys": [
                      "ssh-ed25519 AAAAC3NzaC1lZDI1NTE5AAAAIAhLzivPgJGOMkfj6Fg8WBbPvJIMLQHjpFTnXZVsncBg prakash2ji@gmail.com"
                    ],
                    "password": "**********",
                    "username": "deployer"
                  }
                ],
                "user_data_file_id": "local:snippets/postgres-cloud-init.yaml",
                "vendor_data_file_id": ""
              }
            ],
            "ipv4_addresses": [
              [
                "127.0.0.1"
              ],
              [
                "192.168.20.21"
              ]
            ],
            "ipv6_addresses": [
              [
                "::1"
              ],
              [
                "fdd5:945b:3322::72f",
                "fdd5:945b:3322:0:be24:11ff:fe2f:ae4",
                "fe80::be24:11ff:fe2f:ae4"
              ]
            ],
            "keyboard_layout": "en-us",
            "kvm_arguments": null,
            "mac_addresses": [
              "00:00:00:00:00:00",
              "BC:24:11:2F:0A:E4"
            ],
            "machine": "q35",
            "memory": [
              {
                "dedicated": 8192,
                "floating": 0,
                "hugepages": "",
                "keep_hugepages": false,
                "shared": 0
              }
            ],
            "migrate": false,
            "name": "db-postgres",
            "network_device": [
              {
                "bridge": "vmbr0",
                "disconnected": false,
                "enabled": true,
                "firewall": false,
                "mac_address": "BC:24:11:2F:0A:E4",
                "model": "virtio",
                "mtu": 0,
                "queues": 0,
                "rate_limit": 0,
                "trunks": "",
                "vlan_id": 0
              }
            ],
            "network_interface_names": [
              "lo",
              "eth0"
            ],
            "node_name": "server",
            "numa": [],
            "on_boot": true,
            "operating_system": [
              {
                "type": "l26"
              }
            ],
            "pool_id": "",
            "protection": false,
            "purge_on_destroy": true,
            "reboot": false,
            "reboot_after_update": true,
            "rng": [],
            "scsi_hardware": "virtio-scsi-single",
            "serial_device": [],
            "smbios": [],
            "started": true,
            "startup": [
              {
                "down_delay": 60,
                "order": 1,
                "up_delay": 60
              }
            ],
            "stop_on_destroy": false,
            "tablet_device": true,
            "tags": [
              "db",
              "postgres"
            ],
            "template": false,
            "timeout_clone": 1800,
            "timeout_create": 1800,
            "timeout_migrate": 1800,
            "timeout_move_disk": 1800,
            "timeout_reboot": 1800,
            "timeout_shutdown_vm": 1800,
            "timeout_start_vm": 1800,
            "timeout_stop_vm": 300,
            "tpm_state": [],
            "usb": [],
            "vga": [
              {
                "clipboard": "",
                "memory": 16,
                "type": "serial0"
              }
            ],
            "virtiofs": [],
            "vm_id": 113,
            "watchdog": []
          },
          "sensitive_attributes": [
            [
              {
                "type": "get_attr",
                "value": "initialization"
              },
              {
                "type": "index",
                "value": {
                  "value": 0,
                  "type": "number"
                }
              },
              {
                "type": "get_attr",
                "value": "user_account"
              },
              {
                "type": "index",
                "value": {
                  "value": 0,
                  "type": "number"
                }
              },
              {
                "type": "get_attr",
                "value": "password"
              }
            ]
          ],
          "identity_schema_version": 0,
          "private": "bnVsbA==",
          "dependencies": [
            "proxmox_virtual_environment_file.postgres_cloud_init"
          ]
        }
      ]
    },
    {
      "mode": "managed",
      "type": "proxmox_virtual_environment_vm",
      "name": "gh_runners",
      "provider": "provider[\"registry.terraform.io/bpg/proxmox\"]",
      "instances": [
        {
          "schema_version": 0,
          "attributes": {
            "acpi": true,
            "agent": [],
            "amd_sev": [],
            "audio_device": [],
            "bios": "ovmf",
            "boot_order": [],
            "cdrom": [],
            "clone": [
              {
                "datastore_id": "",
                "full": true,
                "node_name": "server",
                "retries": 1,
                "vm_id": 9001
              }
            ],
            "cpu": [
              {
                "affinity": "",
                "architecture": "",
                "cores": 8,
                "flags": [],
                "hotplugged": 0,
                "limit": 0,
                "numa": false,
                "sockets": 1,
                "type": "host",
                "units": 0
              }
            ],
            "delete_unreferenced_disks_on_destroy": true,
            "description": "GitHub Actions self-hosted runners (ephemeral, JIT-registered per repo)",
            "disk": [
              {
                "aio": "io_uring",
                "backup": true,
                "cache": "none",
                "datastore_id": "tank-vm",
                "discard": "ignore",
                "file_format": "raw",
                "file_id": "",
                "import_from": "",
                "interface": "scsi0",
                "iothread": false,
                "path_in_datastore": "vm-117-disk-0",
                "replicate": true,
                "serial": "",
                "size": 60,
                "speed": [],
                "ssd": false
              }
            ],
            "efi_disk": [],
            "hook_script_file_id": null,
            "hostpci": [],
            "id": "117",
            "initialization": [
              {
                "datastore_id": "local-lvm",
                "dns": [
                  {
                    "domain": "",
                    "servers": [
                      "1.1.1.1"
                    ]
                  }
                ],
                "file_format": "",
                "interface": "ide2",
                "ip_config": [
                  {
                    "ipv4": [
                      {
                        "address": "192.168.20.50/24",
                        "gateway": "192.168.20.1"
                      }
                    ],
                    "ipv6": []
                  }
                ],
                "meta_data_file_id": "",
                "network_data_file_id": "",
                "type": "",
                "user_account": [
                  {
                    "keys": [
                      "ssh-ed25519 AAAAC3NzaC1lZDI1NTE5AAAAIAhLzivPgJGOMkfj6Fg8WBbPvJIMLQHjpFTnXZVsncBg prakash2ji@gmail.com"
                    ],
                    "password": "**********",
                    "username": "deployer"
                  }
                ],
                "user_data_file_id": "local:snippets/gh-runners-cloud-init.yaml",
                "vendor_data_file_id": ""
              }
            ],
            "ipv4_addresses": [
              [
                "127.0.0.1"
              ],
              [
                "192.168.20.50"
              ],
              [
                "172.17.0.1"
              ],
              [],
              [
                "172.19.0.1"
              ],
              [],
              []
            ],
            "ipv6_addresses": [
              [
                "::1"
              ],
              [
                "fdd5:945b:3322:0:be24:11ff:fe62:8f8b",
                "fe80::be24:11ff:fe62:8f8b"
              ],
              [
                "fe80::f0f3:b8ff:feee:f358"
              ],
              [
                "fe80::86e:b0ff:fe8e:3056"
              ],
              [
                "fe80::90d5:ffff:fef4:872c"
              ],
              [
                "fe80::881b:86ff:feab:20b"
              ],
              [
                "fe80::e0b1:f4ff:fedf:c8ed"
              ]
            ],
            "keyboard_layout": "en-us",
            "kvm_arguments": null,
            "mac_addresses": [
              "00:00:00:00:00:00",
              "BC:24:11:62:8F:8B",
              "F2:F3:B8:EE:F3:58",
              "0A:6E:B0:8E:30:56",
              "92:D5:FF:F4:87:2C",
              "8A:1B:86:AB:02:0B",
              "E2:B1:F4:DF:C8:ED"
            ],
            "machine": "q35",
            "memory": [
              {
                "dedicated": 16384,
                "floating": 0,
                "hugepages": "",
                "keep_hugepages": false,
                "shared": 0
              }
            ],
            "migrate": false,
            "name": "gh-runners",
            "network_device": [
              {
                "bridge": "vmbr0",
                "disconnected": false,
                "enabled": true,
                "firewall": false,
                "mac_address": "BC:24:11:62:8F:8B",
                "model": "virtio",
                "mtu": 0,
                "queues": 0,
                "rate_limit": 0,
                "trunks": "",
                "vlan_id": 0
              }
            ],
            "network_interface_names": [
              "lo",
              "eth0",
              "docker0",
              "vethc9e9088",
              "br-1e6cf347fac8",
              "veth0fdf587",
              "veth2720e9f"
            ],
            "node_name": "server",
            "numa": [],
            "on_boot": true,
            "operating_system": [
              {
                "type": "l26"
              }
            ],
            "pool_id": "",
            "protection": false,
            "purge_on_destroy": true,
            "reboot": false,
            "reboot_after_update": true,
            "rng": [],
            "scsi_hardware": "virtio-scsi-single",
            "serial_device": [],
            "smbios": [],
            "started": true,
            "startup": [
              {
                "down_delay": 60,
                "order": 3,
                "up_delay": 60
              }
            ],
            "stop_on_destroy": false,
            "tablet_device": true,
            "tags": [
              "ci",
              "github-actions",
              "runners"
            ],
            "template": false,
            "timeout_clone": 1800,
            "timeout_create": 1800,
            "timeout_migrate": 1800,
            "timeout_move_disk": 1800,
            "timeout_reboot": 1800,
            "timeout_shutdown_vm": 1800,
            "timeout_start_vm": 1800,
            "timeout_stop_vm": 300,
            "tpm_state": [],
            "usb": [],
            "vga": [
              {
                "clipboard": "",
                "memory": 16,
                "type": "serial0"
              }
            ],
            "virtiofs": [],
            "vm_id": 117,
            "watchdog": []
          },
          "sensitive_attributes": [
            [
              {
                "type": "get_attr",
                "value": "initialization"
              },
              {
                "type": "index",
                "value": {
                  "value": 0,
                  "type": "number"
                }
              },
              {
                "type": "get_attr",
                "value": "user_account"
              },
              {
                "type": "index",
                "value": {
                  "value": 0,
                  "type": "number"
                }
              },
              {
                "type": "get_attr",
                "value": "password"
              }
            ]
          ],
          "identity_schema_version": 0,
          "private": "bnVsbA==",
          "dependencies": [
            "proxmox_virtual_environment_file.gh_runners_cloud_init"
          ]
        }
      ]
    },
    {
      "mode": "managed",
      "type": "proxmox_virtual_environment_vm",
      "name": "infisical",
      "provider": "provider[\"registry.terraform.io/bpg/proxmox\"]",
      "instances": [
        {
          "schema_version": 0,
          "attributes": {
            "acpi": true,
            "agent": [],
            "amd_sev": [],
            "audio_device": [],
            "bios": "ovmf",
            "boot_order": [
              "scsi0"
            ],
            "cdrom": [],
            "clone": [
              {
                "datastore_id": "",
                "full": true,
                "node_name": "server",
                "retries": 1,
                "vm_id": 9001
              }
            ],
            "cpu": [
              {
                "affinity": "",
                "architecture": "",
                "cores": 2,
                "flags": [],
                "hotplugged": 0,
                "limit": 0,
                "numa": false,
                "sockets": 1,
                "type": "host",
                "units": 0
              }
            ],
            "delete_unreferenced_disks_on_destroy": true,
            "description": "Infisical secret management server",
            "disk": [
              {
                "aio": "io_uring",
                "backup": true,
                "cache": "none",
                "datastore_id": "local-lvm",
                "discard": "ignore",
                "file_format": "raw",
                "file_id": "",
                "import_from": "",
                "interface": "scsi0",
                "iothread": false,
                "path_in_datastore": "vm-114-disk-1",
                "replicate": true,
                "serial": "",
                "size": 20,
                "speed": [],
                "ssd": false
              }
            ],
            "efi_disk": [],
            "hook_script_file_id": null,
            "hostpci": [],
            "id": "114",
            "initialization": [
              {
                "datastore_id": "local-lvm",
                "dns": [
                  {
                    "domain": "",
                    "servers": [
                      "1.1.1.1"
                    ]
                  }
                ],
                "file_format": "",
                "interface": "ide2",
                "ip_config": [
                  {
                    "ipv4": [
                      {
                        "address": "192.168.20.22/24",
                        "gateway": "192.168.20.1"
                      }
                    ],
                    "ipv6": []
                  }
                ],
                "meta_data_file_id": "",
                "network_data_file_id": "",
                "type": "",
                "user_account": [
                  {
                    "keys": [
                      "ssh-ed25519 AAAAC3NzaC1lZDI1NTE5AAAAIAhLzivPgJGOMkfj6Fg8WBbPvJIMLQHjpFTnXZVsncBg prakash2ji@gmail.com"
                    ],
                    "password": "**********",
                    "username": "deployer"
                  }
                ],
                "user_data_file_id": "local:snippets/infisical-cloud-init.yaml",
                "vendor_data_file_id": ""
              }
            ],
            "ipv4_addresses": [
              [
                "127.0.0.1"
              ],
              [
                "192.168.20.22"
              ],
              [
                "172.18.0.1"
              ],
              [
                "172.17.0.1"
              ],
              [],
              [],
              []
            ],
            "ipv6_addresses": [
              [
                "::1"
              ],
              [
                "fdd5:945b:3322:0:be24:11ff:fe46:9189",
                "fe80::be24:11ff:fe46:9189"
              ],
              [
                "fe80::8d1:ff:feaa:55ef"
              ],
              [],
              [
                "fe80::d495:feff:feb3:e460"
              ],
              [
                "fe80::7c60:ceff:fe78:46c2"
              ],
              [
                "fe80::98ff:a2ff:fedd:81b1"
              ]
            ],
            "keyboard_layout": "en-us",
            "kvm_arguments": null,
            "mac_addresses": [
              "00:00:00:00:00:00",
              "BC:24:11:46:91:89",
              "0A:D1:00:AA:55:EF",
              "2E:B4:53:67:E5:90",
              "D6:95:FE:B3:E4:60",
              "7E:60:CE:78:46:C2",
              "9A:FF:A2:DD:81:B1"
            ],
            "machine": "q35",
            "memory": [
              {
                "dedicated": 4096,
                "floating": 0,
                "hugepages": "",
                "keep_hugepages": false,
                "shared": 0
              }
            ],
            "migrate": false,
            "name": "infisical",
            "network_device": [
              {
                "bridge": "vmbr0",
                "disconnected": false,
                "enabled": true,
                "firewall": false,
                "mac_address": "BC:24:11:46:91:89",
                "model": "virtio",
                "mtu": 0,
                "queues": 0,
                "rate_limit": 0,
                "trunks": "",
                "vlan_id": 0
              }
            ],
            "network_interface_names": [
              "lo",
              "eth0",
              "br-e1dfb4d79544",
              "docker0",
              "veth36eb68a",
              "vethcbbbed1",
              "vethd42c8d6"
            ],
            "node_name": "server",
            "numa": [],
            "on_boot": true,
            "operating_system": [
              {
                "type": "l26"
              }
            ],
            "pool_id": "",
            "protection": false,
            "purge_on_destroy": true,
            "reboot": false,
            "reboot_after_update": true,
            "rng": [],
            "scsi_hardware": "virtio-scsi-single",
            "serial_device": [],
            "smbios": [],
            "started": true,
            "startup": [
              {
                "down_delay": 60,
                "order": 2,
                "up_delay": 60
              }
            ],
            "stop_on_destroy": false,
            "tablet_device": true,
            "tags": [
              "infisical",
              "secrets"
            ],
            "template": false,
            "timeout_clone": 1800,
            "timeout_create": 1800,
            "timeout_migrate": 1800,
            "timeout_move_disk": 1800,
            "timeout_reboot": 1800,
            "timeout_shutdown_vm": 1800,
            "timeout_start_vm": 1800,
            "timeout_stop_vm": 300,
            "tpm_state": [],
            "usb": [],
            "vga": [],
            "virtiofs": [],
            "vm_id": 114,
            "watchdog": []
          },
          "sensitive_attributes": [
            [
              {
                "type": "get_attr",
                "value": "initialization"
              },
              {
                "type": "index",
                "value": {
                  "value": 0,
                  "type": "number"
                }
              },
              {
                "type": "get_attr",
                "value": "user_account"
              },
              {
                "type": "index",
                "value": {
                  "value": 0,
                  "type": "number"
                }
              },
              {
                "type": "get_attr",
                "value": "password"
              }
            ]
          ],
          "identity_schema_version": 0,
          "private": "bnVsbA==",
          "dependencies": [
            "proxmox_virtual_environment_file.infisical_cloud_init",
            "proxmox_virtual_environment_file.postgres_cloud_init",
            "proxmox_virtual_environment_vm.db_postgres"
          ]
        }
      ]
    },
    {
      "mode": "managed",
      "type": "proxmox_virtual_environment_vm",
      "name": "k3s_apps",
      "provider": "provider[\"registry.terraform.io/bpg/proxmox\"]",
      "instances": [
        {
          "schema_version": 0,
          "attributes": {
            "acpi": true,
            "agent": [],
            "amd_sev": [],
            "audio_device": [],
            "bios": "ovmf",
            "boot_order": [
              "scsi0"
            ],
            "cdrom": [],
            "clone": [
              {
                "datastore_id": "",
                "full": true,
                "node_name": "server",
                "retries": 1,
                "vm_id": 9001
              }
            ],
            "cpu": [
              {
                "affinity": "",
                "architecture": "",
                "cores": 8,
                "flags": [],
                "hotplugged": 0,
                "limit": 0,
                "numa": false,
                "sockets": 1,
                "type": "host",
                "units": 0
              }
            ],
            "delete_unreferenced_disks_on_destroy": true,
            "description": "K3s single-node cluster host",
            "disk": [
              {
                "aio": "io_uring",
                "backup": true,
                "cache": "none",
                "datastore_id": "local-lvm",
                "discard": "ignore",
                "file_format": "raw",
                "file_id": "",
                "import_from": "",
                "interface": "scsi0",
                "iothread": false,
                "path_in_datastore": "vm-112-disk-1",
                "replicate": true,
                "serial": "",
                "size": 80,
                "speed": [],
                "ssd": false
              }
            ],
            "efi_disk": [],
            "hook_script_file_id": null,
            "hostpci": [],
            "id": "112",
            "initialization": [
              {
                "datastore_id": "local-lvm",
                "dns": [
                  {
                    "domain": "",
                    "servers": [
                      "1.1.1.1"
                    ]
                  }
                ],
                "file_format": "",
                "interface": "ide2",
                "ip_config": [
                  {
                    "ipv4": [
                      {
                        "address": "192.168.20.11/24",
                        "gateway": "192.168.20.1"
                      }
                    ],
                    "ipv6": []
                  }
                ],
                "meta_data_file_id": "",
                "network_data_file_id": "",
                "type": "",
                "user_account": [
                  {
                    "keys": [
                      "ssh-ed25519 AAAAC3NzaC1lZDI1NTE5AAAAIAhLzivPgJGOMkfj6Fg8WBbPvJIMLQHjpFTnXZVsncBg prakash2ji@gmail.com"
                    ],
                    "password": "**********",
                    "username": "deployer"
                  }
                ],
                "user_data_file_id": "",
                "vendor_data_file_id": ""
              }
            ],
            "ipv4_addresses": [
              [
                "127.0.0.1"
              ],
              [
                "192.168.20.11"
              ],
              [
                "10.42.0.0"
              ],
              [
                "10.42.0.1"
              ],
              [],
              [],
              [],
              [],
              [],
              [],
              [],
              [],
              [],
              [],
              [],
              [],
              [],
              [],
              [],
              [],
              [],
              [],
              [],
              [],
              [],
              [],
              [],
              [],
              [],
              []
            ],
            "ipv6_addresses": [
              [
                "::1"
              ],
              [
                "fdd5:945b:3322::a69",
                "fdd5:945b:3322:0:be24:11ff:fea4:aa84",
                "fe80::be24:11ff:fea4:aa84"
              ],
              [
                "fe80::c85d:feff:fe8e:5808"
              ],
              [
                "fe80::c4ec:18ff:fe35:db44"
              ],
              [
                "fe80::c4c9:38ff:fee9:6f9a"
              ],
              [
                "fe80::644b:54ff:fe3e:cc9e"
              ],
              [
                "fe80::6cb6:29ff:fe58:b501"
              ],
              [
                "fe80::8044:9fff:fee8:6333"
              ],
              [
                "fe80::7897:d3ff:fee2:4cd3"
              ],
              [
                "fe80::442c:bdff:fe49:87fd"
              ],
              [
                "fe80::68b9:5eff:fe7a:414d"
              ],
              [
                "fe80::4c18:d4ff:febe:299e"
              ],
              [
                "fe80::418:5eff:fed8:de6e"
              ],
              [
                "fe80::1848:8aff:fed9:17ab"
              ],
              [
                "fe80::e02f:65ff:fee4:33a1"
              ],
              [
                "fe80::c84:f8ff:fe58:684f"
              ],
              [
                "fe80::b87f:28ff:fefe:6011"
              ],
              [
                "fe80::ccd7:a3ff:fee9:9750"
              ],
              [
                "fe80::bc8d:c7ff:fe19:3b21"
              ],
              [
                "fe80::d094:c8ff:fe45:e2d1"
              ],
              [
                "fe80::d411:1dff:fe14:1cd1"
              ],
              [
                "fe80::203a:2eff:fee5:4c32"
              ],
              [
                "fe80::4407:3bff:fedc:be71"
              ],
              [
                "fe80::9463:ceff:feee:9454"
              ],
              [
                "fe80::8876:bcff:feb9:9ec7"
              ],
              [
                "fe80::f008:1ff:feea:49b9"
              ],
              [
                "fe80::24c2:16ff:fe31:ee61"
              ],
              [
                "fe80::241a:5fff:feb9:6928"
              ],
              [
                "fe80::b082:38ff:fea6:1b70"
              ],
              [
                "fe80::3467:48ff:fe30:1621"
              ]
            ],
            "keyboard_layout": "en-us",
            "kvm_arguments": null,
            "mac_addresses": [
              "00:00:00:00:00:00",
              "BC:24:11:A4:AA:84",
              "CA:5D:FE:8E:58:08",
              "C6:EC:18:35:DB:44",
              "C6:C9:38:E9:6F:9A",
              "66:4B:54:3E:CC:9E",
              "6E:B6:29:58:B5:01",
              "82:44:9F:E8:63:33",
              "7A:97:D3:E2:4C:D3",
              "46:2C:BD:49:87:FD",
              "6A:B9:5E:7A:41:4D",
              "4E:18:D4:BE:29:9E",
              "06:18:5E:D8:DE:6E",
              "1A:48:8A:D9:17:AB",
              "E2:2F:65:E4:33:A1",
              "0E:84:F8:58:68:4F",
              "BA:7F:28:FE:60:11",
              "CE:D7:A3:E9:97:50",
              "BE:8D:C7:19:3B:21",
              "D2:94:C8:45:E2:D1",
              "D6:11:1D:14:1C:D1",
              "22:3A:2E:E5:4C:32",
              "46:07:3B:DC:BE:71",
              "96:63:CE:EE:94:54",
              "8A:76:BC:B9:9E:C7",
              "F2:08:01:EA:49:B9",
              "26:C2:16:31:EE:61",
              "26:1A:5F:B9:69:28",
              "B2:82:38:A6:1B:70",
              "36:67:48:30:16:21"
            ],
            "machine": "q35",
            "memory": [
              {
                "dedicated": 12288,
                "floating": 0,
                "hugepages": "",
                "keep_hugepages": false,
                "shared": 0
              }
            ],
            "migrate": false,
            "name": "k3s-apps",
            "network_device": [
              {
                "bridge": "vmbr0",
                "disconnected": false,
                "enabled": true,
                "firewall": false,
                "mac_address": "BC:24:11:A4:AA:84",
                "model": "virtio",
                "mtu": 0,
                "queues": 0,
                "rate_limit": 0,
                "trunks": "",
                "vlan_id": 0
              }
            ],
            "network_interface_names": [
              "lo",
              "eth0",
              "flannel.1",
              "cni0",
              "vetha7abb889",
              "vetha8fc21b0",
              "veth31dd0197",
              "veth66980bf6",
              "vethad34ddeb",
              "vethe081cd22",
              "vethb738c804",
              "vethaf2626ed",
              "veth0c0683d9",
              "veth00714df3",
              "veth4734750b",
              "veth02341b63",
              "vethf53e318f",
              "veth732ac56c",
              "veth5564c118",
              "vethed73c803",
              "vethec071e51",
              "veth9cfe8065",
              "vethc7f9e74d",
              "vethea6f123e",
              "veth2dde4122",
              "veth82b02c68",
              "veth95befced",
              "veth8b3db330",
              "veth0d935b56",
              "veth09e1c5db"
            ],
            "node_name": "server",
            "numa": [],
            "on_boot": true,
            "operating_system": [
              {
                "type": "l26"
              }
            ],
            "pool_id": "",
            "protection": false,
            "purge_on_destroy": true,
            "reboot": false,
            "reboot_after_update": true,
            "rng": [],
            "scsi_hardware": "virtio-scsi-single",
            "serial_device": [],
            "smbios": [],
            "started": true,
            "startup": [
              {
                "down_delay": 60,
                "order": 1,
                "up_delay": 60
              }
            ],
            "stop_on_destroy": false,
            "tablet_device": true,
            "tags": [
              "apps",
              "k3s"
            ],
            "template": false,
            "timeout_clone": 1800,
            "timeout_create": 1800,
            "timeout_migrate": 1800,
            "timeout_move_disk": 1800,
            "timeout_reboot": 1800,
            "timeout_shutdown_vm": 1800,
            "timeout_start_vm": 1800,
            "timeout_stop_vm": 300,
            "tpm_state": [],
            "usb": [],
            "vga": [],
            "virtiofs": [],
            "vm_id": 112,
            "watchdog": []
          },
          "sensitive_attributes": [
            [
              {
                "type": "get_attr",
                "value": "initialization"
              },
              {
                "type": "index",
                "value": {
                  "value": 0,
                  "type": "number"
                }
              },
              {
                "type": "get_attr",
                "value": "user_account"
              },
              {
                "type": "index",
                "value": {
                  "value": 0,
                  "type": "number"
                }
              },
              {
                "type": "get_attr",
                "value": "password"
              }
            ]
          ],
          "identity_schema_version": 0,
          "private": "bnVsbA=="
        }
      ]
    },
    {
      "mode": "managed",
      "type": "proxmox_virtual_environment_vm",
      "name": "media_server",
      "provider": "provider[\"registry.terraform.io/bpg/proxmox\"]",
      "instances": [
        {
          "schema_version": 0,
          "attributes": {
            "acpi": true,
            "agent": [],
            "amd_sev": [],
            "audio_device": [],
            "bios": "ovmf",
            "boot_order": [],
            "cdrom": [],
            "clone": [
              {
                "datastore_id": "",
                "full": true,
                "node_name": "server",
                "retries": 1,
                "vm_id": 9001
              }
            ],
            "cpu": [
              {
                "affinity": "",
                "architecture": "",
                "cores": 6,
                "flags": [],
                "hotplugged": 0,
                "limit": 0,
                "numa": false,
                "sockets": 1,
                "type": "host",
                "units": 0
              }
            ],
            "delete_unreferenced_disks_on_destroy": true,
            "description": "Media stack host (Jellyfin + qBittorrent + Radarr)",
            "disk": [
              {
                "aio": "io_uring",
                "backup": true,
                "cache": "none",
                "datastore_id": "local-lvm",
                "discard": "ignore",
                "file_format": "raw",
                "file_id": "",
                "import_from": "",
                "interface": "scsi0",
                "iothread": false,
                "path_in_datastore": "vm-116-disk-1",
                "replicate": true,
                "serial": "",
                "size": 180,
                "speed": [],
                "ssd": false
              }
            ],
            "efi_disk": [],
            "hook_script_file_id": null,
            "hostpci": [],
            "id": "116",
            "initialization": [
              {
                "datastore_id": "local-lvm",
                "dns": [
                  {
                    "domain": "",
                    "servers": [
                      "1.1.1.1"
                    ]
                  }
                ],
                "file_format": "",
                "interface": "ide2",
                "ip_config": [
                  {
                    "ipv4": [
                      {
                        "address": "192.168.20.40/24",
                        "gateway": "192.168.20.1"
                      }
                    ],
                    "ipv6": []
                  }
                ],
                "meta_data_file_id": "",
                "network_data_file_id": "",
                "type": "",
                "user_account": [
                  {
                    "keys": [
                      "ssh-ed25519 AAAAC3NzaC1lZDI1NTE5AAAAIAhLzivPgJGOMkfj6Fg8WBbPvJIMLQHjpFTnXZVsncBg prakash2ji@gmail.com"
                    ],
                    "password": "**********",
                    "username": "deployer"
                  }
                ],
                "user_data_file_id": "local:snippets/media-cloud-init.yaml",
                "vendor_data_file_id": ""
              }
            ],
            "ipv4_addresses": [
              [
                "127.0.0.1"
              ],
              [
                "192.168.20.40"
              ],
              [
                "172.17.0.1"
              ],
              [
                "172.18.0.1"
              ],
              [],
              [],
              [],
              []
            ],
            "ipv6_addresses": [
              [
                "::1"
              ],
              [
                "fdd5:945b:3322:0:be24:11ff:fe89:6175",
                "fe80::be24:11ff:fe89:6175"
              ],
              [],
              [
                "fe80::547b:e0ff:fe36:498d"
              ],
              [
                "fe80::548f:65ff:fe76:8a1b"
              ],
              [
                "fe80::9cb8:58ff:fe79:23c3"
              ],
              [
                "fe80::e038:40ff:fe38:8927"
              ],
              [
                "fe80::bc38:7bff:fe36:348"
              ]
            ],
            "keyboard_layout": "en-us",
            "kvm_arguments": null,
            "mac_addresses": [
              "00:00:00:00:00:00",
              "BC:24:11:89:61:75",
              "5E:E7:1C:F1:8D:FF",
              "56:7B:E0:36:49:8D",
              "56:8F:65:76:8A:1B",
              "9E:B8:58:79:23:C3",
              "E2:38:40:38:89:27",
              "BE:38:7B:36:03:48"
            ],
            "machine": "q35",
            "memory": [
              {
                "dedicated": 8192,
                "floating": 0,
                "hugepages": "",
                "keep_hugepages": false,
                "shared": 0
              }
            ],
            "migrate": false,
            "name": "media-server",
            "network_device": [
              {
                "bridge": "vmbr0",
                "disconnected": false,
                "enabled": true,
                "firewall": false,
                "mac_address": "BC:24:11:89:61:75",
                "model": "virtio",
                "mtu": 0,
                "queues": 0,
                "rate_limit": 0,
                "trunks": "",
                "vlan_id": 0
              }
            ],
            "network_interface_names": [
              "lo",
              "eth0",
              "docker0",
              "br-d36539cec38b",
              "veth5ea8c4c",
              "veth712ab4e",
              "veth33085c0",
              "veth31eae61"
            ],
            "node_name": "server",
            "numa": [],
            "on_boot": true,
            "operating_system": [
              {
                "type": "l26"
              }
            ],
            "pool_id": "",
            "protection": false,
            "purge_on_destroy": true,
            "reboot": false,
            "reboot_after_update": true,
            "rng": [],
            "scsi_hardware": "virtio-scsi-single",
            "serial_device": [],
            "smbios": [],
            "started": true,
            "startup": [
              {
                "down_delay": 60,
                "order": 4,
                "up_delay": 120
              }
            ],
            "stop_on_destroy": false,
            "tablet_device": true,
            "tags": [
              "jellyfin",
              "media",
              "qbittorrent",
              "radarr"
            ],
            "template": false,
            "timeout_clone": 1800,
            "timeout_create": 1800,
            "timeout_migrate": 1800,
            "timeout_move_disk": 1800,
            "timeout_reboot": 1800,
            "timeout_shutdown_vm": 1800,
            "timeout_start_vm": 1800,
            "timeout_stop_vm": 300,
            "tpm_state": [],
            "usb": [],
            "vga": [
              {
                "clipboard": "",
                "memory": 16,
                "type": "serial0"
              }
            ],
            "virtiofs": [],
            "vm_id": 116,
            "watchdog": []
          },
          "sensitive_attributes": [
            [
              {
                "type": "get_attr",
                "value": "initialization"
              },
              {
                "type": "index",
                "value": {
                  "value": 0,
                  "type": "number"
                }
              },
              {
                "type": "get_attr",
                "value": "user_account"
              },
              {
                "type": "index",
                "value": {
                  "value": 0,
                  "type": "number"
                }
              },
              {
                "type": "get_attr",
                "value": "password"
              }
            ]
          ],
          "identity_schema_version": 0,
          "private": "bnVsbA==",
          "dependencies": [
            "proxmox_virtual_environment_file.media_cloud_init"
          ]
        }
      ]
    }
  ],
  "check_results": null
}
